# THIS IS AN AUTOGENERATED FILE. DO NOT EDIT THIS FILE DIRECTLY.
# yarn lockfile v1


"@ant-design/colors@^3.1.0":
  version "3.2.2"
  resolved "https://registry.yarnpkg.com/@ant-design/colors/-/colors-3.2.2.tgz#5ad43d619e911f3488ebac303d606e66a8423903"
  integrity sha512-YKgNbG2dlzqMhA9NtI3/pbY16m3Yl/EeWBRa+lB1X1YaYxHrxNexiQYCLTWO/uDvAjLFMEDU+zR901waBtMtjQ==
  dependencies:
    tinycolor2 "^1.4.1"

"@ant-design/icons-svg@^4.0.0":
  version "4.0.0"
  resolved "https://registry.yarnpkg.com/@ant-design/icons-svg/-/icons-svg-4.0.0.tgz#6683db0df97c0c6900bb28a280faf391522ec734"
  integrity sha512-Nai+cd3XUrv/z50gSk1FI08j6rENZ1e93rhKeLTBGwa5WrmHvhn2vowa5+voZW2qkXJn1btS6tdvTEDB90M0Pw==

"@ant-design/icons@^4.0.0":
  version "4.0.5"
  resolved "https://registry.yarnpkg.com/@ant-design/icons/-/icons-4.0.5.tgz#2433cad04abc7f48d61a487297b326c152a35935"
  integrity sha512-qYme6WcHF5J+/dMLBpYTvWx4fSAk3rtWu3wxt8bHRjiB5BlKWMEi/vi1JfB4HnnbwNaym7UXoDvE2xyqW9gb1Q==
  dependencies:
    "@ant-design/colors" "^3.1.0"
    "@ant-design/icons-svg" "^4.0.0"
    classnames "^2.2.6"
    insert-css "^2.0.0"
    rc-util "^4.9.0"

"@ant-design/react-slick@~0.25.5":
  version "0.25.5"
  resolved "https://registry.yarnpkg.com/@ant-design/react-slick/-/react-slick-0.25.5.tgz#18f40abaa22c15dc26da9c473d24da38d4d8f334"
  integrity sha512-fusHR9LkarCARvYTN6cG3yz2/Ogf+HTaJ2XEihIjsjgm6uE1aSXycRFEVDpOFP1Aib51Z2Iz3tgg/gL+WbK8rQ==
  dependencies:
    classnames "^2.2.5"
    json2mq "^0.2.0"
    lodash "^4.17.15"
    resize-observer-polyfill "^1.5.0"

"@babel/runtime@^7.8.4":
  version "7.9.2"
  resolved "https://registry.yarnpkg.com/@babel/runtime/-/runtime-7.9.2.tgz#d90df0583a3a252f09aaa619665367bae518db06"
  integrity sha512-NE2DtOdufG7R5vnfQUTehdTfNycfUANEtCa9PssN9O/xmTzP4E08UI797ixaei6hBEVL9BI/PsdJS5x7mWoB9Q==
  dependencies:
    regenerator-runtime "^0.13.4"

"@types/hoist-non-react-statics@^3.3.1":
  version "3.3.1"
  resolved "https://registry.yarnpkg.com/@types/hoist-non-react-statics/-/hoist-non-react-statics-3.3.1.tgz#1124aafe5118cb591977aeb1ceaaed1070eb039f"
  integrity sha512-iMIqiko6ooLrTh1joXodJK5X9xeEALT1kM5G3ZLhD3hszxBdIEd5C75U834D9mLcINgD4OyZf5uQXjkuYydWvA==
  dependencies:
    "@types/react" "*"
    hoist-non-react-statics "^3.3.0"

"@types/prop-types@*":
  version "15.7.3"
  resolved "https://registry.yarnpkg.com/@types/prop-types/-/prop-types-15.7.3.tgz#2ab0d5da2e5815f94b0b9d4b95d1e5f243ab2ca7"
  integrity sha512-KfRL3PuHmqQLOG+2tGpRO26Ctg+Cq1E01D2DMriKEATHgWLfeNDmq9e29Q9WIky0dQ3NPkd1mzYH8Lm936Z9qw==

"@types/react-lifecycles-compat@^3.0.1":
  version "3.0.1"
  resolved "https://registry.yarnpkg.com/@types/react-lifecycles-compat/-/react-lifecycles-compat-3.0.1.tgz#a0b1fe18cfb9435bd52737829a69cbe93faf32e2"
  integrity sha512-4KiU5s1Go4xRbf7t6VxUUpBeN5PGjpjpBv9VvET4uiPHC500VNYBclU13f8ehHkHoZL39b2cfwHu6RzbV3b44A==
  dependencies:
    "@types/react" "*"

"@types/react@*":
  version "16.9.33"
  resolved "https://registry.yarnpkg.com/@types/react/-/react-16.9.33.tgz#a5274520f0d28cbbb73c8652ddd48646fd4bcae5"
  integrity sha512-ovgoy7p9999HDzwv8Sewhl8GJjn/r0GRsFrM9UMwp1uodh0kQ0pwIHLQ6LNfqGSyjNzJ8II/HIg0BL7Yn/B9yA==
  dependencies:
    "@types/prop-types" "*"
    csstype "^2.2.0"

"@types/shallowequal@^1.1.1":
  version "1.1.1"
  resolved "https://registry.yarnpkg.com/@types/shallowequal/-/shallowequal-1.1.1.tgz#aad262bb3f2b1257d94c71d545268d592575c9b1"
  integrity sha512-Lhni3aX80zbpdxRuWhnuYPm8j8UQaa571lHP/xI4W+7BAFhSIhRReXnqjEgT/XzPoXZTJkCqstFMJ8CZTK6IlQ==

add-dom-event-listener@^1.1.0:
  version "1.1.0"
  resolved "https://registry.yarnpkg.com/add-dom-event-listener/-/add-dom-event-listener-1.1.0.tgz#6a92db3a0dd0abc254e095c0f1dc14acbbaae310"
  integrity sha512-WCxx1ixHT0GQU9hb0KI/mhgRQhnU+U3GvwY6ZvVjYq8rsihIGoaIOUbY0yMPBxLH5MDtr0kz3fisWGNcbWW7Jw==
  dependencies:
    object-assign "4.x"

antd@4.1.1:
  version "4.1.1"
  resolved "https://registry.yarnpkg.com/antd/-/antd-4.1.1.tgz#916c3d05a0461a3cbbf4f20e7dd15b4de448cc90"
  integrity sha512-hPMcK6CixzM3bgAU5maf3xSHEHPL6LDPrVbOqPr+ZtQ5Eo8u7+X3Las7FczUZHJ4/fXQtoykuKptSMcpWP+hsw==
  dependencies:
    "@ant-design/icons" "^4.0.0"
    "@ant-design/react-slick" "~0.25.5"
    array-tree-filter "^2.1.0"
    classnames "~2.2.6"
    copy-to-clipboard "^3.2.0"
    css-animation "^1.5.0"
    lodash "^4.17.13"
    moment "^2.24.0"
    omit.js "^1.0.2"
    prop-types "^15.7.2"
    raf "^3.4.1"
    rc-animate "~2.10.2"
    rc-cascader "~1.0.0"
    rc-checkbox "~2.2.0"
    rc-collapse "~1.11.3"
    rc-dialog "~7.6.0"
    rc-drawer "~3.1.1"
    rc-dropdown "~3.0.0"
    rc-field-form "~1.1.0"
    rc-input-number "~4.5.4"
    rc-mentions "~1.0.0"
    rc-menu "~8.0.1"
    rc-notification "~4.0.0"
    rc-pagination "~2.2.0"
    rc-picker "~1.4.0"
    rc-progress "~2.5.0"
    rc-rate "~2.5.1"
    rc-resize-observer "^0.2.0"
    rc-select "~10.1.0"
    rc-slider "~9.2.3"
    rc-steps "~3.5.0"
    rc-switch "~1.9.0"
    rc-table "~7.4.2"
    rc-tabs "~10.1.1"
    rc-tooltip "~4.0.2"
    rc-tree "~3.1.0"
    rc-tree-select "~3.1.0"
    rc-trigger "~4.0.0"
    rc-upload "~3.0.0"
    rc-util "^4.20.0"
    rc-virtual-list "^1.1.0"
    resize-observer-polyfill "^1.5.1"
    scroll-into-view-if-needed "^2.2.20"
    warning "~4.0.3"

array-tree-filter@^2.1.0:
  version "2.1.0"
  resolved "https://registry.yarnpkg.com/array-tree-filter/-/array-tree-filter-2.1.0.tgz#873ac00fec83749f255ac8dd083814b4f6329190"
  integrity sha512-4ROwICNlNw/Hqa9v+rk5h22KjmzB1JGTMVKP2AKJBOCgb0yL0ASf0+YvCcLNNwquOHNX48jkeZIJ3a+oOQqKcw==

async-validator@^3.0.3:
  version "3.2.4"
  resolved "https://registry.yarnpkg.com/async-validator/-/async-validator-3.2.4.tgz#4e773a1d0d741016b455b7995b469a47cce0dbe0"
  integrity sha512-mTgzMJixkrh+5t2gbYoua8MLy11GHkQqFE6tbhY5Aqc4jEDGsR4BWP+sVQiYDHtzTMB8WIwI/ypObTVPcTZInw==

babel-runtime@6.x, babel-runtime@^6.23.0, babel-runtime@^6.26.0:
  version "6.26.0"
  resolved "https://registry.yarnpkg.com/babel-runtime/-/babel-runtime-6.26.0.tgz#965c7058668e82b55d7bfe04ff2337bc8b5647fe"
  integrity sha1-llxwWGaOgrVde/4E/yM3vItWR/4=
  dependencies:
    core-js "^2.4.0"
    regenerator-runtime "^0.11.0"

classnames@2.x, classnames@^2.2.0, classnames@^2.2.1, classnames@^2.2.3, classnames@^2.2.5, classnames@^2.2.6, classnames@~2.2.6:
  version "2.2.6"
  resolved "https://registry.yarnpkg.com/classnames/-/classnames-2.2.6.tgz#43935bffdd291f326dad0a205309b38d00f650ce"
  integrity sha512-JR/iSQOSt+LQIWwrwEzJ9uk0xfN3mTVYMwt1Ir5mUcSN6pU+V4zQFFaJsclJbPuAUQH+yfWef6tm7l1quW3C8Q==

component-classes@^1.2.5, component-classes@^1.2.6:
  version "1.2.6"
  resolved "https://registry.yarnpkg.com/component-classes/-/component-classes-1.2.6.tgz#c642394c3618a4d8b0b8919efccbbd930e5cd691"
  integrity sha1-xkI5TDYYpNiwuJGe/Mu9kw5c1pE=
  dependencies:
    component-indexof "0.0.3"

component-indexof@0.0.3:
  version "0.0.3"
  resolved "https://registry.yarnpkg.com/component-indexof/-/component-indexof-0.0.3.tgz#11d091312239eb8f32c8f25ae9cb002ffe8d3c24"
  integrity sha1-EdCRMSI5648yyPJa6csAL/6NPCQ=

compute-scroll-into-view@^1.0.13:
  version "1.0.13"
  resolved "https://registry.yarnpkg.com/compute-scroll-into-view/-/compute-scroll-into-view-1.0.13.tgz#be1b1663b0e3f56cd5f7713082549f562a3477e2"
  integrity sha512-o+w9w7A98aAFi/GjK8cxSV+CdASuPa2rR5UWs3+yHkJzWqaKoBEufFNWYaXInCSmUfDCVhesG+v9MTWqOjsxFg==

copy-to-clipboard@^3.2.0:
  version "3.3.1"
  resolved "https://registry.yarnpkg.com/copy-to-clipboard/-/copy-to-clipboard-3.3.1.tgz#115aa1a9998ffab6196f93076ad6da3b913662ae"
  integrity sha512-i13qo6kIHTTpCm8/Wup+0b1mVWETvu2kIMzKoK8FpkLkFxlt0znUAHcMzox+T8sPlqtZXq3CulEjQHsYiGFJUw==
  dependencies:
    toggle-selection "^1.0.6"

core-js@3.6.4:
  version "3.6.4"
  resolved "https://registry.yarnpkg.com/core-js/-/core-js-3.6.4.tgz#440a83536b458114b9cb2ac1580ba377dc470647"
  integrity sha512-4paDGScNgZP2IXXilaffL9X7968RuvwlkK3xWtZRVqgd8SYNiVKRJvkFd1aqqEuPfN7E68ZHEp9hDj6lHj4Hyw==

core-js@^2.4.0:
  version "2.6.11"
  resolved "https://registry.yarnpkg.com/core-js/-/core-js-2.6.11.tgz#38831469f9922bded8ee21c9dc46985e0399308c"
  integrity sha512-5wjnpaT/3dV+XB4borEsnAYQchn00XSgTAWKDkEqv+K8KevjbzmofK6hfJ9TZIlpj2N0xQpazy7PiRQiWHqzWg==

css-animation@1.x, css-animation@^1.3.2, css-animation@^1.5.0:
  version "1.6.1"
  resolved "https://registry.yarnpkg.com/css-animation/-/css-animation-1.6.1.tgz#162064a3b0d51f958b7ff37b3d6d4de18e17039e"
  integrity sha512-/48+/BaEaHRY6kNQ2OIPzKf9A6g8WjZYjhiNDNuIVbsm5tXCGIAsHDjB4Xu1C4vXJtUWZo26O68OQkDpNBaPog==
  dependencies:
    babel-runtime "6.x"
    component-classes "^1.2.5"

csstype@^2.2.0:
  version "2.6.10"
  resolved "https://registry.yarnpkg.com/csstype/-/csstype-2.6.10.tgz#e63af50e66d7c266edb6b32909cfd0aabe03928b"
  integrity sha512-D34BqZU4cIlMCY93rZHbrq9pjTAQJ3U8S8rfBqjwHxkGPThWFjzZDQpgMJY0QViLxth6ZKYiwFBo14RdN44U/w==

dom-align@^1.7.0:
  version "1.11.1"
  resolved "https://registry.yarnpkg.com/dom-align/-/dom-align-1.11.1.tgz#7592be99a660a36cdedc1d6eeb22b8109d758cae"
  integrity sha512-hN42DmUgtweBx0iBjDLO4WtKOMcK8yBmPx/fgdsgQadLuzPu/8co3oLdK5yMmeM/vnUd3yDyV6qV8/NzxBexQg==

hammerjs@^2.0.8:
  version "2.0.8"
  resolved "https://registry.yarnpkg.com/hammerjs/-/hammerjs-2.0.8.tgz#04ef77862cff2bb79d30f7692095930222bf60f1"
  integrity sha1-BO93hiz/K7edMPdpIJWTAiK/YPE=

hoist-non-react-statics@^2.3.1:
  version "2.5.5"
  resolved "https://registry.yarnpkg.com/hoist-non-react-statics/-/hoist-non-react-statics-2.5.5.tgz#c5903cf409c0dfd908f388e619d86b9c1174cb47"
  integrity sha512-rqcy4pJo55FTTLWt+bU8ukscqHeE/e9KWvsOW2b/a3afxQZhwkQdT1rPPCJ0rYXdj4vNcasY8zHTH+jF/qStxw==

hoist-non-react-statics@^3.3.0:
  version "3.3.2"
  resolved "https://registry.yarnpkg.com/hoist-non-react-statics/-/hoist-non-react-statics-3.3.2.tgz#ece0acaf71d62c2969c2ec59feff42a4b1a85b45"
  integrity sha512-/gGivxi8JPKWNm/W0jSmzcMPpfpPLc3dY/6GxhX2hQ9iGj3aDfklV4ET7NjKpSinLpJ5vafa9iiGIEZg10SfBw==
  dependencies:
    react-is "^16.7.0"

insert-css@^2.0.0:
  version "2.0.0"
  resolved "https://registry.yarnpkg.com/insert-css/-/insert-css-2.0.0.tgz#eb5d1097b7542f4c79ea3060d3aee07d053880f4"
  integrity sha1-610Ql7dUL0x56jBg067gfQU4gPQ=

"js-tokens@^3.0.0 || ^4.0.0":
  version "4.0.0"
  resolved "https://registry.yarnpkg.com/js-tokens/-/js-tokens-4.0.0.tgz#19203fb59991df98e3a287050d4647cdeaf32499"
  integrity sha512-RdJUflcE3cUzKiMqQgsCu06FPu9UdIJO0beYbPhHN4k6apgJtifcoCtT9bcxOpYBtpD2kCM6Sbzg4CausW/PKQ==

json2mq@^0.2.0:
  version "0.2.0"
  resolved "https://registry.yarnpkg.com/json2mq/-/json2mq-0.2.0.tgz#b637bd3ba9eabe122c83e9720483aeb10d2c904a"
  integrity sha1-tje9O6nqvhIsg+lyBIOusQ0skEo=
  dependencies:
    string-convert "^0.2.0"

lodash@^4.17.13, lodash@^4.17.15, lodash@^4.17.5:
  version "4.17.15"
  resolved "https://registry.yarnpkg.com/lodash/-/lodash-4.17.15.tgz#b447f6670a0455bbfeedd11392eff330ea097548"
  integrity sha512-8xOcRHvCjnocdS5cpwXQXVzmmh5e5+saE2QGoeQmbKmRS6J3VQppPOIt0MnmE+4xlZoumy0GPG0D0MVIQbNA1A==

loose-envify@^1.0.0, loose-envify@^1.1.0, loose-envify@^1.4.0:
  version "1.4.0"
  resolved "https://registry.yarnpkg.com/loose-envify/-/loose-envify-1.4.0.tgz#71ee51fa7be4caec1a63839f7e682d8132d30caf"
  integrity sha512-lyuxPGr/Wfhrlem2CL/UcnUc1zcqKAImBDzukY7Y5F/yQiNdko6+fRLevlw1HgMySw7f611UIY408EtxRSoK3Q==
  dependencies:
    js-tokens "^3.0.0 || ^4.0.0"

mini-store@^3.0.1:
  version "3.0.1"
  resolved "https://registry.yarnpkg.com/mini-store/-/mini-store-3.0.1.tgz#08751c84c551d12c82ba3639c22c7e1d595d69b9"
  integrity sha512-6cQjjfUoL53+E0oUd5gQs9/rMicXG7lbK3dgzAMv2qPOnA+cR3yIB/CcAN3YKsFVt01/hOO0lf0M+a+6/lQRdg==
  dependencies:
    "@types/hoist-non-react-statics" "^3.3.1"
    "@types/react-lifecycles-compat" "^3.0.1"
    "@types/shallowequal" "^1.1.1"
    hoist-non-react-statics "^2.3.1"
    prop-types "^15.6.0"
    react-lifecycles-compat "^3.0.4"
    shallowequal "^1.0.2"
    typescript "^3.8.3"

moment@^2.24.0:
  version "2.24.0"
  resolved "https://registry.yarnpkg.com/moment/-/moment-2.24.0.tgz#0d055d53f5052aa653c9f6eb68bb5d12bf5c2b5b"
  integrity sha512-bV7f+6l2QigeBBZSM/6yTNq4P2fNpSWj/0e7jQcy87A8e7o2nAfP/34/2ky5Vw4B9S446EtIhodAzkFCcR4dQg==

object-assign@4.x, object-assign@^4.1.1:
  version "4.1.1"
  resolved "https://registry.yarnpkg.com/object-assign/-/object-assign-4.1.1.tgz#2109adc7965887cfc05cbbd442cac8bfbb360863"
  integrity sha1-IQmtx5ZYh8/AXLvUQsrIv7s2CGM=

omit.js@^1.0.2:
  version "1.0.2"
  resolved "https://registry.yarnpkg.com/omit.js/-/omit.js-1.0.2.tgz#91a14f0eba84066dfa015bf30e474c47f30bc858"
  integrity sha512-/QPc6G2NS+8d4L/cQhbk6Yit1WTB6Us2g84A7A/1+w9d/eRGHyEqC5kkQtHVoHZ5NFWGG7tUGgrhVZwgZanKrQ==
  dependencies:
    babel-runtime "^6.23.0"

performance-now@^2.1.0:
  version "2.1.0"
  resolved "https://registry.yarnpkg.com/performance-now/-/performance-now-2.1.0.tgz#6309f4e0e5fa913ec1c69307ae364b4b377c9e7b"
  integrity sha1-Ywn04OX6kT7BxpMHrjZLSzd8nns=

prop-types@15.x, prop-types@^15.5.10, prop-types@^15.5.6, prop-types@^15.5.7, prop-types@^15.5.8, prop-types@^15.5.9, prop-types@^15.6.0, prop-types@^15.6.2, prop-types@^15.7.2:
  version "15.7.2"
  resolved "https://registry.yarnpkg.com/prop-types/-/prop-types-15.7.2.tgz#52c41e75b8c87e72b9d9360e0206b99dcbffa6c5"
  integrity sha512-8QQikdH7//R2vurIJSutZ1smHYTcLpRWEOlHnzcWHmBYrOGUysKwSsrC89BCiFj3CbrfJ/nXFdJepOVrY1GCHQ==
  dependencies:
    loose-envify "^1.4.0"
    object-assign "^4.1.1"
    react-is "^16.8.1"

raf@^3.4.0, raf@^3.4.1:
  version "3.4.1"
  resolved "https://registry.yarnpkg.com/raf/-/raf-3.4.1.tgz#0742e99a4a6552f445d73e3ee0328af0ff1ede39"
  integrity sha512-Sq4CW4QhwOHE8ucn6J34MqtZCeWFP2aQSmrlroYgqAV1PjStIhJXxYuTgUIfkEk7zTLjmIjLmU5q+fbD1NnOJA==
  dependencies:
    performance-now "^2.1.0"

rc-align@^3.0.0-rc.0:
  version "3.0.0-rc.1"
  resolved "https://registry.yarnpkg.com/rc-align/-/rc-align-3.0.0-rc.1.tgz#32d1fac860d12bb85e9b8cafbbdef79f3f537674"
  integrity sha512-GbofumhCUb7SxP410j/fbtR2M9Zml+eoZSdaliZh6R3NhfEj5zP4jcO3HG3S9C9KIcXQQtd/cwVHkb9Y0KU7Hg==
  dependencies:
    classnames "2.x"
    dom-align "^1.7.0"
    rc-util "^4.12.0"
    resize-observer-polyfill "^1.5.1"

rc-animate@2.x, rc-animate@^2.10.0, rc-animate@^2.10.1, rc-animate@^2.10.2, rc-animate@^2.9.2, rc-animate@~2.10.2:
  version "2.10.3"
  resolved "https://registry.yarnpkg.com/rc-animate/-/rc-animate-2.10.3.tgz#163d5e29281a4ff82d53ee7918eeeac856b756f9"
  integrity sha512-A9qQ5Y8BLlM7EhuCO3fWb/dChndlbWtY/P5QvPqBU7h4r5Q2QsvsbpTGgdYZATRDZbTRnJXXfVk9UtlyS7MBLg==
  dependencies:
    babel-runtime "6.x"
    classnames "^2.2.6"
    css-animation "^1.3.2"
    prop-types "15.x"
    raf "^3.4.0"
    rc-util "^4.15.3"
    react-lifecycles-compat "^3.0.4"

rc-cascader@~1.0.0:
  version "1.0.1"
  resolved "https://registry.yarnpkg.com/rc-cascader/-/rc-cascader-1.0.1.tgz#770de1e1fa7bd559aabd4d59e525819b8bc809b7"
  integrity sha512-3mk33+YKJBP1XSrTYbdVLuCC73rUDq5STNALhvua5i8vyIgIxtb5fSl96JdWWq1Oj8tIBoHnCgoEoOYnIXkthQ==
  dependencies:
    array-tree-filter "^2.1.0"
    rc-trigger "^4.0.0"
    rc-util "^4.0.4"
    warning "^4.0.1"

rc-checkbox@~2.2.0:
  version "2.2.0"
  resolved "https://registry.yarnpkg.com/rc-checkbox/-/rc-checkbox-2.2.0.tgz#a0ce95c34f05e0eb882664174518cd4baa36dce9"
  integrity sha512-Wjh/nutLA8iIPTT1P9I9KOqlUblVe+CWa3SxMibFySnLyYbMxKNtPhwNcbADPOqzNU0AsCntTduNeJg1n0B5fg==
  dependencies:
    babel-runtime "^6.23.0"
    classnames "2.x"

rc-collapse@~1.11.3:
  version "1.11.8"
  resolved "https://registry.yarnpkg.com/rc-collapse/-/rc-collapse-1.11.8.tgz#66a40089d469519e9424009ab1c927e214041d80"
  integrity sha512-8EhfPyScTYljkbRuIoHniSwZagD5UPpZ3CToYgoNYWC85L2qCbPYF7+OaC713FOrIkp6NbfNqXsITNxmDAmxog==
  dependencies:
    classnames "2.x"
    css-animation "1.x"
    prop-types "^15.5.6"
    rc-animate "2.x"
    react-is "^16.7.0"
    react-lifecycles-compat "^3.0.4"
    shallowequal "^1.1.0"

rc-dialog@~7.6.0:
  version "7.6.1"
  resolved "https://registry.yarnpkg.com/rc-dialog/-/rc-dialog-7.6.1.tgz#11545ccc0b945934fa76079726e0d853e52d705f"
  integrity sha512-KUKf+2eZ4YL+lnXMG3hR4ZtIhC9glfH27NtTVz3gcoDIPAf3uUvaXVRNoDCiSi+OGKLyIb/b6EoidFh6nQC5Wg==
  dependencies:
    babel-runtime "6.x"
    rc-animate "2.x"
    rc-util "^4.16.1"

rc-drawer@~3.1.1:
  version "3.1.3"
  resolved "https://registry.yarnpkg.com/rc-drawer/-/rc-drawer-3.1.3.tgz#cbcb04d4c07f0b66f2ece11d847f4a1bd80ea0b7"
  integrity sha512-2z+RdxmzXyZde/1OhVMfDR1e/GBswFeWSZ7FS3Fdd0qhgVdpV1wSzILzzxRaT481ItB5hOV+e8pZT07vdJE8kg==
  dependencies:
    classnames "^2.2.6"
    rc-util "^4.16.1"
    react-lifecycles-compat "^3.0.4"

rc-dropdown@~3.0.0:
  version "3.0.2"
  resolved "https://registry.yarnpkg.com/rc-dropdown/-/rc-dropdown-3.0.2.tgz#e486b67f5e8e8b9e326426d5a80254621453d66a"
  integrity sha512-T3XP4qL6xmkxn8z52YF2SEPoMHPpBiLf0Kty3mjNdRSyKnlu+0F+3bhDHf6gO1msmqrjURaz8sMNAFDcoFHHnw==
  dependencies:
    babel-runtime "^6.26.0"
    classnames "^2.2.6"
    rc-trigger "^4.0.0"

rc-field-form@~1.1.0:
  version "1.1.3"
  resolved "https://registry.yarnpkg.com/rc-field-form/-/rc-field-form-1.1.3.tgz#82512179f9aa2d1421758b499ea4a4f13292821c"
  integrity sha512-m7SUNNaum4pHrUj5MGnymEk3SRitMUZBhnMS0wqWrcL6XqvdTAG5Yz5HjukA6BryaS6nyQOgUVBXMxxNN/XsTQ==
  dependencies:
    "@babel/runtime" "^7.8.4"
    async-validator "^3.0.3"
    rc-util "^4.17.0"
    warning "^4.0.3"

rc-hammerjs@~0.6.0:
  version "0.6.9"
  resolved "https://registry.yarnpkg.com/rc-hammerjs/-/rc-hammerjs-0.6.9.tgz#9a4ddbda1b2ec8f9b9596091a6a989842a243907"
  integrity sha512-4llgWO3RgLyVbEqUdGsDfzUDqklRlQW5VEhE3x35IvhV+w//VPRG34SBavK3D2mD/UaLKaohgU41V4agiftC8g==
  dependencies:
    babel-runtime "6.x"
    hammerjs "^2.0.8"
    prop-types "^15.5.9"

rc-input-number@~4.5.4:
  version "4.5.6"
  resolved "https://registry.yarnpkg.com/rc-input-number/-/rc-input-number-4.5.6.tgz#0d52762b0ac39432256e2c6c5c836102f9797c46"
  integrity sha512-AXbL4gtQ1mSQnu6v/JtMv3UbGRCzLvQznmf0a7U/SAtZ8+dCEAqD4JpJhkjv73Wog53eRYhw4l7ApdXflc9ymg==
  dependencies:
    babel-runtime "6.x"
    classnames "^2.2.0"
    prop-types "^15.5.7"
    rc-util "^4.5.1"
    rmc-feedback "^2.0.0"

rc-mentions@~1.0.0:
  version "1.0.1"
  resolved "https://registry.yarnpkg.com/rc-mentions/-/rc-mentions-1.0.1.tgz#4a82b5011ccd3f0008f69f3b2e29ab8c0d91b17f"
  integrity sha512-EgXFYsNHk44ifwDcbtd3zX7rJc3lHplfVEVEf8oxZeeyyIzFD0GLs0Z0LWHNs6Gm4wTAHvcR0j4Pd5M7fLtBoA==
  dependencies:
    classnames "^2.2.6"
    rc-menu "^8.0.1"
    rc-trigger "^4.0.0"
    rc-util "^4.6.0"

rc-menu@^8.0.1, rc-menu@~8.0.1:
  version "8.0.3"
  resolved "https://registry.yarnpkg.com/rc-menu/-/rc-menu-8.0.3.tgz#d553eaa892da6c02c74c9b1d2e778f140ace4d99"
  integrity sha512-a37l9MfzjXt8/q5en6ukjD2PoVsHCzWeRPdFK9eWi6hF5/9M3mfxgUt1LruQvaJKMQUxDyN5+4M8FsYULXJALw==
  dependencies:
    classnames "2.x"
    mini-store "^3.0.1"
    rc-animate "^2.10.1"
    rc-trigger "^4.0.0"
    rc-util "^4.13.0"
    resize-observer-polyfill "^1.5.0"
    scroll-into-view-if-needed "^2.2.20"
    shallowequal "^1.1.0"

rc-notification@~4.0.0:
  version "4.0.0"
  resolved "https://registry.yarnpkg.com/rc-notification/-/rc-notification-4.0.0.tgz#ffe59783d6738003972dde8b9658f1acd469cd2c"
  integrity sha512-In9FimkJY+JSIq3/eopPfBpQQr2Zugq5i9Aw9vdiNCGCsAsSO9bGq2dPsn8bamOydNrhc3djljGfmxUUMbcZnA==
  dependencies:
    classnames "2.x"
    rc-animate "2.x"
    rc-util "^4.0.4"

rc-pagination@~2.2.0:
  version "2.2.0"
  resolved "https://registry.yarnpkg.com/rc-pagination/-/rc-pagination-2.2.0.tgz#8daaab1b6ad664da2ddea842f86687b692eb775d"
  integrity sha512-fXempMD/kvHu8tsiW70uPjn1pI4mdD62xFG9drcBh17gj5CbCjazrjpWS615RSauk3b2BBgIcAJzREAMvlAkFQ==
  dependencies:
    classnames "^2.2.1"

rc-picker@~1.4.0:
  version "1.4.7"
  resolved "https://registry.yarnpkg.com/rc-picker/-/rc-picker-1.4.7.tgz#d2ab5cc5e4e78e8ce41acb954812f9df3fd0b27d"
  integrity sha512-lGatWHpRga7SEyqXNdZvqaw2oWq0MY2FZSdZr4CzwAhBqyHdQZ/+vLN4ivJyFkkY16EO3KDvmQz5lWTSj9HdhA==
  dependencies:
    classnames "^2.2.1"
    moment "^2.24.0"
    rc-trigger "^4.0.0"
    rc-util "^4.17.0"
    shallowequal "^1.1.0"

rc-progress@~2.5.0:
  version "2.5.2"
  resolved "https://registry.yarnpkg.com/rc-progress/-/rc-progress-2.5.2.tgz#ab01ba4e5d2fa36fc9f6f058b10b720e7315560c"
  integrity sha512-ajI+MJkbBz9zYDuE9GQsY5gsyqPF7HFioZEDZ9Fmc+ebNZoiSeSJsTJImPFCg0dW/5WiRGUy2F69SX1aPtSJgA==
  dependencies:
    babel-runtime "6.x"
    prop-types "^15.5.8"

rc-rate@~2.5.1:
  version "2.5.1"
  resolved "https://registry.yarnpkg.com/rc-rate/-/rc-rate-2.5.1.tgz#55fc5fd23ea9dcc72250b9a889803479f4842961"
  integrity sha512-3iJkNJT8xlHklPCdeZtUZmJmRVUbr6AHRlfSsztfYTXVlHrv2TcPn3XkHsH+12j812WVB7gvilS2j3+ffjUHXg==
  dependencies:
    classnames "^2.2.5"
    prop-types "^15.5.8"
    rc-util "^4.3.0"
    react-lifecycles-compat "^3.0.4"

rc-resize-observer@^0.2.0:
  version "0.2.1"
  resolved "https://registry.yarnpkg.com/rc-resize-observer/-/rc-resize-observer-0.2.1.tgz#4610acb8a0f2a84b5e8d45664964ac32b5d3df72"
  integrity sha512-GENTRkL3lq05ilrjTxPpHUPrKTC9D7XqUGesSXgi/GyO4j/jKIjLPn7zuZOcJ5QmN5QGRe24IaVWPZHQPE6vLw==
  dependencies:
    classnames "^2.2.1"
    rc-util "^4.14.0"
    resize-observer-polyfill "^1.5.1"

rc-select@^10.1.0:
  version "10.2.0"
  resolved "https://registry.yarnpkg.com/rc-select/-/rc-select-10.2.0.tgz#27bb1708670f6e71153be9a03ddcfdc7dc1a13cb"
  integrity sha512-TeJTInbbDm8EQtrzStgeiAidIiw8IvHDv5fChmBrMaEujKWxAnyodabDxrlhvB9TYjG1sf7OQw0RiXANzV6nfg==
  dependencies:
    classnames "2.x"
    rc-animate "^2.10.0"
    rc-trigger "^4.0.0"
    rc-util "^4.20.0"
    rc-virtual-list "^1.1.2"
    warning "^4.0.3"

rc-select@~10.1.0:
  version "10.1.8"
  resolved "https://registry.yarnpkg.com/rc-select/-/rc-select-10.1.8.tgz#cb6f95a87e42ab4d32006eb96d44fd3adfa08147"
  integrity sha512-XEg9As5kOM6d8l27j6mZO2eet/aOrymIiP+Rmr6LMl2I6LBgElJnxB/CL/qAhrnQrUD2KqBzdXq3zjC7I/Ltdw==
  dependencies:
    classnames "2.x"
    rc-animate "^2.10.0"
    rc-trigger "^4.0.0"
    rc-util "^4.20.0"
    rc-virtual-list "^1.1.2"
    warning "^4.0.3"

rc-slider@~9.2.3:
  version "9.2.4"
  resolved "https://registry.yarnpkg.com/rc-slider/-/rc-slider-9.2.4.tgz#92e2b58c53def9921ae0fc2822727ab5785b9ed0"
  integrity sha512-wSr7vz+WtzzGqsGU2rTQ4mmLz9fkuIDMPYMYm8ygYFvxQ2Rh4uRhOWHYI0R8krNK5k1bGycckYxmQqUIvLAh3w==
  dependencies:
    babel-runtime "6.x"
    classnames "^2.2.5"
    rc-tooltip "^4.0.0"
    rc-util "^4.0.4"
    shallowequal "^1.1.0"
    warning "^4.0.3"

rc-steps@~3.5.0:
  version "3.5.0"
  resolved "https://registry.yarnpkg.com/rc-steps/-/rc-steps-3.5.0.tgz#36b2a7f1f49907b0d90363884b18623caf9fb600"
  integrity sha512-2Vkkrpa7PZbg7qPsqTNzVDov4u78cmxofjjnIHiGB9+9rqKS8oTLPzbW2uiWDr3Lk+yGwh8rbpGO1E6VAgBCOg==
  dependencies:
    babel-runtime "^6.23.0"
    classnames "^2.2.3"
    lodash "^4.17.5"
    prop-types "^15.5.7"

rc-switch@~1.9.0:
  version "1.9.0"
  resolved "https://registry.yarnpkg.com/rc-switch/-/rc-switch-1.9.0.tgz#ab2b878f2713c681358a453391976c9b95b290f7"
  integrity sha512-Isas+egaK6qSk64jaEw4GgPStY4umYDbT7ZY93bZF1Af+b/JEsKsJdNOU2qG3WI0Z6tXo2DDq0kJCv8Yhu0zww==
  dependencies:
    classnames "^2.2.1"
    prop-types "^15.5.6"
    react-lifecycles-compat "^3.0.4"

rc-table@~7.4.2:
  version "7.4.4"
  resolved "https://registry.yarnpkg.com/rc-table/-/rc-table-7.4.4.tgz#d61973c31741f22fde8b2da89993f21a2f100d2c"
  integrity sha512-E/l+9BoEL5YWm8g3597iOSbIWh3Mqy+OeDPc/nbicWOh5cYucJDlYeoQ3xTJvKJBxu0mVzxDy1Uz9Cp/X+yVww==
  dependencies:
    classnames "^2.2.5"
    component-classes "^1.2.6"
    lodash "^4.17.5"
    prop-types "^15.5.8"
    raf "^3.4.1"
    rc-resize-observer "^0.2.0"
    rc-util "^4.20.1"
    react-lifecycles-compat "^3.0.2"
    shallowequal "^1.1.0"

rc-tabs@~10.1.1:
  version "10.1.1"
  resolved "https://registry.yarnpkg.com/rc-tabs/-/rc-tabs-10.1.1.tgz#847d8c2038842a3cb5f2e74935d0e38b85fce61e"
  integrity sha512-dOFeaYil3d6zV3ZtGZWfRf7zwyqUQ48cl67/Y/03SsBWEdYgfZzlgjfHqmUT+V7L7CvhQ5lIQyYpj4EthkgKCg==
  dependencies:
    classnames "2.x"
    lodash "^4.17.5"
    rc-hammerjs "~0.6.0"
    resize-observer-polyfill "^1.5.1"
    warning "^4.0.3"

rc-tooltip@^4.0.0, rc-tooltip@~4.0.2:
  version "4.0.3"
  resolved "https://registry.yarnpkg.com/rc-tooltip/-/rc-tooltip-4.0.3.tgz#728b760863643ec2e85827a2e7fb28d961b3b759"
  integrity sha512-HNyBh9/fPdds0DXja8JQX0XTIHmZapB3lLzbdn74aNSxXG1KUkt+GK4X1aOTRY5X9mqm4uUKdeFrn7j273H8gw==
  dependencies:
    rc-trigger "^4.0.0"

rc-tree-select@~3.1.0:
  version "3.1.2"
  resolved "https://registry.yarnpkg.com/rc-tree-select/-/rc-tree-select-3.1.2.tgz#d71d505071df80be01abd0dfcafd4c2cbd9cde24"
  integrity sha512-6i+uCD7FnO7GEuAtE73GW23WntseFvfjhm8nHQR8rbb3pdvpUs/mz0ESgjVavdr4fvjXozI/g0PkjcRa5bgtLg==
  dependencies:
    classnames "2.x"
    rc-select "^10.1.0"
    rc-tree "^3.1.0"
    rc-util "^4.17.0"

rc-tree@^3.1.0, rc-tree@~3.1.0:
  version "3.1.4"
  resolved "https://registry.yarnpkg.com/rc-tree/-/rc-tree-3.1.4.tgz#40667171b6ea85b05e2f7ef07f775dfd56c18bc3"
  integrity sha512-Oh5geBWefwTGrgIS7QyZacXKPv2Jfv44/vOtheazjgo8jJqeW4KrNtAPLKhPXYYGqzfMxudIZ0Gt9oHjYeuCsw==
  dependencies:
    classnames "2.x"
    prop-types "^15.5.8"
    rc-animate "^2.9.2"
    rc-util "^4.11.0"
    rc-virtual-list "^1.1.0"
    react-lifecycles-compat "^3.0.4"

rc-trigger@^4.0.0, rc-trigger@~4.0.0:
  version "4.0.2"
  resolved "https://registry.yarnpkg.com/rc-trigger/-/rc-trigger-4.0.2.tgz#42fe7bdb6a5b34035e20fa9ebfad69ec948b56be"
  integrity sha512-to5S1NhK10rWHIgQpoQdwIhuDc2Ok4R4/dh5NLrDt6C+gqkohsdBCYiPk97Z+NwGhRU8N+dbf251bivX8DkzQg==
  dependencies:
    classnames "^2.2.6"
    prop-types "15.x"
    raf "^3.4.1"
    rc-align "^3.0.0-rc.0"
    rc-animate "^2.10.2"
    rc-util "^4.20.0"

rc-upload@~3.0.0:
  version "3.0.0"
  resolved "https://registry.yarnpkg.com/rc-upload/-/rc-upload-3.0.0.tgz#1365a77405b2df82749e55bcc475ee0de9424370"
  integrity sha512-GTmLJ2Habrgon26xwtF8nx1FBxu8KUjRC6QW/7a+NVZ6qXIo+s7HnjqwseuG42kz6xGCoSLNpHgIoHW55EwpxA==
  dependencies:
    babel-runtime "6.x"
    classnames "^2.2.5"

rc-util@^4.0.4, rc-util@^4.11.0, rc-util@^4.12.0, rc-util@^4.13.0, rc-util@^4.14.0, rc-util@^4.15.3, rc-util@^4.16.1, rc-util@^4.17.0, rc-util@^4.20.0, rc-util@^4.20.1, rc-util@^4.3.0, rc-util@^4.5.1, rc-util@^4.6.0, rc-util@^4.8.0, rc-util@^4.9.0:
  version "4.20.3"
  resolved "https://registry.yarnpkg.com/rc-util/-/rc-util-4.20.3.tgz#c4d4ee6171cf685dc75572752a764310325888d3"
  integrity sha512-NBBc9Ad5yGAVTp4jV+pD7tXQGqHxGM2onPSZFyVoJ5fuvRF+ZgzSjZ6RXLPE0pVVISRJ07h+APgLJPBcAeZQlg==
  dependencies:
    add-dom-event-listener "^1.1.0"
    prop-types "^15.5.10"
    react-is "^16.12.0"
    react-lifecycles-compat "^3.0.4"
    shallowequal "^1.1.0"

rc-virtual-list@^1.1.0, rc-virtual-list@^1.1.2:
  version "1.1.2"
  resolved "https://registry.yarnpkg.com/rc-virtual-list/-/rc-virtual-list-1.1.2.tgz#fe3da1136b3ce612b37891fc2cf43447c8a40b2f"
  integrity sha512-+WwxrtmBta7vcPCty7MtgilBmbxSGwN28Y8o+MG3GkHZccV0tXT+PLnAB+5WOjhhH10iFq+pzviRcXgcZ1x4OA==
  dependencies:
    classnames "^2.2.6"
    raf "^3.4.1"
    rc-util "^4.8.0"

react-dom@16.13.1:
  version "16.13.1"
  resolved "https://registry.yarnpkg.com/react-dom/-/react-dom-16.13.1.tgz#c1bd37331a0486c078ee54c4740720993b2e0e7f"
  integrity sha512-81PIMmVLnCNLO/fFOQxdQkvEq/+Hfpv24XNJfpyZhTRfO0QcmQIF/PgCa1zCOj2w1hrn12MFLyaJ/G0+Mxtfag==
  dependencies:
    loose-envify "^1.1.0"
    object-assign "^4.1.1"
    prop-types "^15.6.2"
    scheduler "^0.19.1"

react-is@^16.12.0, react-is@^16.7.0:
  version "16.13.1"
  resolved "https://registry.yarnpkg.com/react-is/-/react-is-16.13.1.tgz#789729a4dc36de2999dc156dd6c1d9c18cea56a4"
  integrity sha512-24e6ynE2H+OKt4kqsOvNd8kBpV65zoxbA4BVsEOB3ARVWQki/DHzaUoC5KuON/BiccDaCCTZBuOcfZs70kR8bQ==

react-is@^16.8.1:
  version "16.12.0"
  resolved "https://registry.yarnpkg.com/react-is/-/react-is-16.12.0.tgz#2cc0fe0fba742d97fd527c42a13bec4eeb06241c"
  integrity sha512-rPCkf/mWBtKc97aLL9/txD8DZdemK0vkA3JMLShjlJB3Pj3s+lpf1KaBzMfQrAmhMQB0n1cU/SUGgKKBCe837Q==

react-lifecycles-compat@^3.0.2, react-lifecycles-compat@^3.0.4:
  version "3.0.4"
  resolved "https://registry.yarnpkg.com/react-lifecycles-compat/-/react-lifecycles-compat-3.0.4.tgz#4f1a273afdfc8f3488a8c516bfda78f872352362"
  integrity sha512-fBASbA6LnOU9dOU2eW7aQ8xmYBSXUIWr+UmF9b1efZBazGNO+rcXT/icdKnYm2pTwcRylVUYwW7H1PHfLekVzA==

react@16.13.1:
  version "16.13.1"
  resolved "https://registry.yarnpkg.com/react/-/react-16.13.1.tgz#2e818822f1a9743122c063d6410d85c1e3afe48e"
  integrity sha512-YMZQQq32xHLX0bz5Mnibv1/LHb3Sqzngu7xstSM+vrkE5Kzr9xE0yMByK5kMoTK30YVJE61WfbxIFFvfeDKT1w==
  dependencies:
    loose-envify "^1.1.0"
    object-assign "^4.1.1"
    prop-types "^15.6.2"

regenerator-runtime@^0.11.0:
  version "0.11.1"
  resolved "https://registry.yarnpkg.com/regenerator-runtime/-/regenerator-runtime-0.11.1.tgz#be05ad7f9bf7d22e056f9726cee5017fbf19e2e9"
  integrity sha512-MguG95oij0fC3QV3URf4V2SDYGJhJnJGqvIIgdECeODCT98wSWDAJ94SSuVpYQUoTcGUIL6L4yNB7j1DFFHSBg==

regenerator-runtime@^0.13.4:
  version "0.13.5"
  resolved "https://registry.yarnpkg.com/regenerator-runtime/-/regenerator-runtime-0.13.5.tgz#d878a1d094b4306d10b9096484b33ebd55e26697"
  integrity sha512-ZS5w8CpKFinUzOwW3c83oPeVXoNsrLsaCoLtJvAClH135j/R77RuymhiSErhm2lKcwSCIpmvIWSbDkIfAqKQlA==

resize-observer-polyfill@^1.5.0, resize-observer-polyfill@^1.5.1:
  version "1.5.1"
  resolved "https://registry.yarnpkg.com/resize-observer-polyfill/-/resize-observer-polyfill-1.5.1.tgz#0e9020dd3d21024458d4ebd27e23e40269810464"
  integrity sha512-LwZrotdHOo12nQuZlHEmtuXdqGoOD0OhaxopaNFxWzInpEgaLWoVuAMbTzixuosCx2nEG58ngzW3vxdWoxIgdg==

rmc-feedback@^2.0.0:
  version "2.0.0"
  resolved "https://registry.yarnpkg.com/rmc-feedback/-/rmc-feedback-2.0.0.tgz#cbc6cb3ae63c7a635eef0e25e4fbaf5ac366eeaa"
  integrity sha512-5PWOGOW7VXks/l3JzlOU9NIxRpuaSS8d9zA3UULUCuTKnpwBHNvv1jSJzxgbbCQeYzROWUpgKI4za3X4C/mKmQ==
  dependencies:
    babel-runtime "6.x"
    classnames "^2.2.5"

scheduler@^0.19.1:
  version "0.19.1"
  resolved "https://registry.yarnpkg.com/scheduler/-/scheduler-0.19.1.tgz#4f3e2ed2c1a7d65681f4c854fa8c5a1ccb40f196"
  integrity sha512-n/zwRWRYSUj0/3g/otKDRPMh6qv2SYMWNq85IEa8iZyAv8od9zDYpGSnpBEjNgcMNq6Scbu5KfIPxNF72R/2EA==
  dependencies:
    loose-envify "^1.1.0"
    object-assign "^4.1.1"

scroll-into-view-if-needed@^2.2.20:
  version "2.2.24"
  resolved "https://registry.yarnpkg.com/scroll-into-view-if-needed/-/scroll-into-view-if-needed-2.2.24.tgz#12bca532990769bd509115a49edcfa755e92a0ea"
  integrity sha512-vsC6SzyIZUyJG8o4nbUDCiIwsPdH6W/FVmjT2avR2hp/yzS53JjGmg/bKD20TkoNajbu5dAQN4xR7yes4qhwtQ==
  dependencies:
    compute-scroll-into-view "^1.0.13"

shallowequal@^1.0.2, shallowequal@^1.1.0:
  version "1.1.0"
  resolved "https://registry.yarnpkg.com/shallowequal/-/shallowequal-1.1.0.tgz#188d521de95b9087404fd4dcb68b13df0ae4e7f8"
  integrity sha512-y0m1JoUZSlPAjXVtPPW70aZWfIL/dSP7AFkRnniLCrK/8MDKog3TySTBmckD+RObVxH0v4Tox67+F14PdED2oQ==

string-convert@^0.2.0:
  version "0.2.1"
  resolved "https://registry.yarnpkg.com/string-convert/-/string-convert-0.2.1.tgz#6982cc3049fbb4cd85f8b24568b9d9bf39eeff97"
  integrity sha1-aYLMMEn7tM2F+LJFaLnZvznu/5c=

tinycolor2@^1.4.1:
  version "1.4.1"
  resolved "https://registry.yarnpkg.com/tinycolor2/-/tinycolor2-1.4.1.tgz#f4fad333447bc0b07d4dc8e9209d8f39a8ac77e8"
  integrity sha1-9PrTM0R7wLB9TcjpIJ2POaisd+g=

toggle-selection@^1.0.6:
  version "1.0.6"
  resolved "https://registry.yarnpkg.com/toggle-selection/-/toggle-selection-1.0.6.tgz#6e45b1263f2017fa0acc7d89d78b15b8bf77da32"
  integrity sha1-bkWxJj8gF/oKzH2J14sVuL932jI=

typescript@^3.8.3:
  version "3.8.3"
  resolved "https://registry.yarnpkg.com/typescript/-/typescript-3.8.3.tgz#409eb8544ea0335711205869ec458ab109ee1061"
  integrity sha512-MYlEfn5VrLNsgudQTVJeNaQFUAI7DkhnOjdpAp4T+ku1TfQClewlbSuTVHiA+8skNBgaf02TL/kLOvig4y3G8w==

warning@^4.0.1, warning@^4.0.3, warning@~4.0.3:
  version "4.0.3"
  resolved "https://registry.yarnpkg.com/warning/-/warning-4.0.3.tgz#16e9e077eb8a86d6af7d64aa1e05fd85b4678ca3"
  integrity sha512-rpJyN222KWIvHJ/F53XSZv0Zl/accqHR8et1kpaMTD/fLCRxtV8iX8czMzY7sVZupTI3zcUTg8eycS2kNF9l6w==
  dependencies:
    loose-envify "^1.0.0"
