# THIS IS AN AUTOGENERATED FILE. DO NOT EDIT THIS FILE DIRECTLY.
# yarn lockfile v1


"@ant-design/colors@^6.0.0":
  version "6.0.0"
  resolved "https://registry.yarnpkg.com/@ant-design/colors/-/colors-6.0.0.tgz#9b9366257cffcc47db42b9d0203bb592c13c0298"
  integrity sha512-qAZRvPzfdWHtfameEGP2Qvuf838NhergR35o+EuVyB5XvSA98xod5r4utvi4TJ3ywmevm290g9nsCG5MryrdWQ==
  dependencies:
    "@ctrl/tinycolor" "^3.4.0"

"@ant-design/icons-svg@^4.2.1":
  version "4.2.1"
  resolved "https://registry.yarnpkg.com/@ant-design/icons-svg/-/icons-svg-4.2.1.tgz#8630da8eb4471a4aabdaed7d1ff6a97dcb2cf05a"
  integrity sha512-EB0iwlKDGpG93hW8f85CTJTs4SvMX7tt5ceupvhALp1IF44SeUFOMhKUOYqpsoYWQKAOuTRDMqn75rEaKDp0Xw==

"@ant-design/icons@^4.7.0":
  version "4.7.0"
  resolved "https://registry.yarnpkg.com/@ant-design/icons/-/icons-4.7.0.tgz#8c3cbe0a556ba92af5dc7d1e70c0b25b5179af0f"
  integrity sha512-aoB4Z7JA431rt6d4u+8xcNPPCrdufSRMUOpxa1ab6mz1JCQZOEVolj2WVs/tDFmN62zzK30mNelEsprLYsSF3g==
  dependencies:
    "@ant-design/colors" "^6.0.0"
    "@ant-design/icons-svg" "^4.2.1"
    "@babel/runtime" "^7.11.2"
    classnames "^2.2.6"
    rc-util "^5.9.4"

"@ant-design/react-slick@~0.29.1":
  version "0.29.2"
  resolved "https://registry.yarnpkg.com/@ant-design/react-slick/-/react-slick-0.29.2.tgz#53e6a7920ea3562eebb304c15a7fc2d7e619d29c"
  integrity sha512-kgjtKmkGHa19FW21lHnAfyyH9AAoh35pBdcJ53rHmQ3O+cfFHGHnUbj/HFrRNJ5vIts09FKJVAD8RpaC+RaWfA==
  dependencies:
    "@babel/runtime" "^7.10.4"
    classnames "^2.2.5"
    json2mq "^0.2.0"
    lodash "^4.17.21"
    resize-observer-polyfill "^1.5.1"

"@babel/runtime@^7.10.1", "@babel/runtime@^7.10.4", "@babel/runtime@^7.11.1", "@babel/runtime@^7.11.2", "@babel/runtime@^7.12.5", "@babel/runtime@^7.16.7", "@babel/runtime@^7.18.0", "@babel/runtime@^7.18.3", "@babel/runtime@^7.20.0":
  version "7.20.1"
  resolved "https://registry.yarnpkg.com/@babel/runtime/-/runtime-7.20.1.tgz#1148bb33ab252b165a06698fde7576092a78b4a9"
  integrity sha512-mrzLkl6U9YLF8qpqI7TB82PESyEGjm/0Ly91jG575eVxMMlb8fYfOXFZIJ8XfLrJZQbm7dlKry2bJmXBUEkdFg==
  dependencies:
    regenerator-runtime "^0.13.10"

"@ctrl/tinycolor@^3.4.0":
  version "3.4.1"
  resolved "https://registry.yarnpkg.com/@ctrl/tinycolor/-/tinycolor-3.4.1.tgz#75b4c27948c81e88ccd3a8902047bcd797f38d32"
  integrity sha512-ej5oVy6lykXsvieQtqZxCOaLT+xD4+QNarq78cIYISHmZXshCvROLudpQN3lfL8G0NL7plMSSK+zlyvCaIJ4Iw==

"@rc-component/portal@^1.0.0-6", "@rc-component/portal@^1.0.0-8":
  version "1.0.1"
  resolved "https://registry.yarnpkg.com/@rc-component/portal/-/portal-1.0.1.tgz#555ab099a826b02cd22124bad878433bcc24d118"
  integrity sha512-aIxMEupUXhVARDSeRgiAuYA8K9VR1a6emLt9a2RpujMX5aRrtMES3rdMQOjBcD9eb64fzdCYt4/NrjmKk5r5vQ==
  dependencies:
    "@babel/runtime" "^7.18.0"
    classnames "^2.3.2"
    rc-util "^5.16.0"

antd@4.24.0:
  version "4.24.0"
  resolved "https://registry.yarnpkg.com/antd/-/antd-4.24.0.tgz#a0e5d8728cd79c16d7b6b19520fa47ee47155b9e"
  integrity sha512-ksk856MY359Gw7fMEPcOOKP7szvDHDNOaVd/uc5d4MK0qVX9LNjnmBGvp2BMUz20aAGalSrT5uVEhVdpxU9USA==
  dependencies:
    "@ant-design/colors" "^6.0.0"
    "@ant-design/icons" "^4.7.0"
    "@ant-design/react-slick" "~0.29.1"
    "@babel/runtime" "^7.18.3"
    "@ctrl/tinycolor" "^3.4.0"
    classnames "^2.2.6"
    copy-to-clipboard "^3.2.0"
    lodash "^4.17.21"
    moment "^2.29.2"
    rc-cascader "~3.7.0"
    rc-checkbox "~2.3.0"
    rc-collapse "~3.4.2"
    rc-dialog "~9.0.2"
    rc-drawer "~6.0.0"
    rc-dropdown "~4.0.0"
    rc-field-form "~1.27.0"
    rc-image "~5.9.0"
    rc-input "~0.1.4"
    rc-input-number "~7.3.9"
    rc-mentions "~1.10.0"
    rc-menu "~9.6.3"
    rc-motion "^2.6.1"
    rc-notification "~4.6.0"
    rc-pagination "~3.1.17"
    rc-picker "~2.6.11"
    rc-progress "~3.4.1"
    rc-rate "~2.9.0"
    rc-resize-observer "^1.2.0"
    rc-segmented "~2.1.0"
    rc-select "~14.1.13"
    rc-slider "~10.0.0"
    rc-steps "~5.0.0-alpha.0"
    rc-switch "~3.2.0"
    rc-table "~7.26.0"
    rc-tabs "~12.2.0"
    rc-textarea "~0.4.5"
    rc-tooltip "~5.2.0"
    rc-tree "~5.7.0"
    rc-tree-select "~5.5.0"
    rc-trigger "^5.2.10"
    rc-upload "~4.3.0"
    rc-util "^5.22.5"
    scroll-into-view-if-needed "^2.2.25"

array-tree-filter@^2.1.0:
  version "2.1.0"
  resolved "https://registry.yarnpkg.com/array-tree-filter/-/array-tree-filter-2.1.0.tgz#873ac00fec83749f255ac8dd083814b4f6329190"
  integrity sha512-4ROwICNlNw/Hqa9v+rk5h22KjmzB1JGTMVKP2AKJBOCgb0yL0ASf0+YvCcLNNwquOHNX48jkeZIJ3a+oOQqKcw==

async-validator@^4.1.0:
  version "4.2.5"
  resolved "https://registry.yarnpkg.com/async-validator/-/async-validator-4.2.5.tgz#c96ea3332a521699d0afaaceed510a54656c6339"
  integrity sha512-7HhHjtERjqlNbZtqNqy2rckN/SpOOlmDliet+lP7k+eKZEjPk3DgyeU9lIXLdeLz0uBbbVp+9Qdow9wJWgwwfg==

classnames@2.x, classnames@^2.2.1, classnames@^2.2.3, classnames@^2.2.5, classnames@^2.2.6:
  version "2.2.6"
  resolved "https://registry.yarnpkg.com/classnames/-/classnames-2.2.6.tgz#43935bffdd291f326dad0a205309b38d00f650ce"
  integrity sha512-JR/iSQOSt+LQIWwrwEzJ9uk0xfN3mTVYMwt1Ir5mUcSN6pU+V4zQFFaJsclJbPuAUQH+yfWef6tm7l1quW3C8Q==

classnames@^2.3.1, classnames@^2.3.2:
  version "2.3.2"
  resolved "https://registry.yarnpkg.com/classnames/-/classnames-2.3.2.tgz#351d813bf0137fcc6a76a16b88208d2560a0d924"
  integrity sha512-CSbhY4cFEJRe6/GQzIk5qXZ4Jeg5pcsP7b5peFSDpffpe1cqjASH/n9UTjBwOp6XpMSTwQ8Za2K5V02ueA7Tmw==

compute-scroll-into-view@^1.0.17:
  version "1.0.17"
  resolved "https://registry.yarnpkg.com/compute-scroll-into-view/-/compute-scroll-into-view-1.0.17.tgz#6a88f18acd9d42e9cf4baa6bec7e0522607ab7ab"
  integrity sha512-j4dx+Fb0URmzbwwMUrhqWM2BEWHdFGx+qZ9qqASHRPqvTYdqvWnHg0H1hIbcyLnvgnoNAVMlwkepyqM3DaIFUg==

copy-to-clipboard@^3.2.0:
  version "3.3.1"
  resolved "https://registry.yarnpkg.com/copy-to-clipboard/-/copy-to-clipboard-3.3.1.tgz#115aa1a9998ffab6196f93076ad6da3b913662ae"
  integrity sha512-i13qo6kIHTTpCm8/Wup+0b1mVWETvu2kIMzKoK8FpkLkFxlt0znUAHcMzox+T8sPlqtZXq3CulEjQHsYiGFJUw==
  dependencies:
    toggle-selection "^1.0.6"

date-fns@2.x:
  version "2.29.3"
  resolved "https://registry.yarnpkg.com/date-fns/-/date-fns-2.29.3.tgz#27402d2fc67eb442b511b70bbdf98e6411cd68a8"
  integrity sha512-dDCnyH2WnnKusqvZZ6+jA1O51Ibt8ZMRNkDZdyAyK4YfbDwa/cEmuztzG5pk6hqlp9aSBPYcjOlktquahGwGeA==

dayjs@1.x:
  version "1.11.6"
  resolved "https://registry.yarnpkg.com/dayjs/-/dayjs-1.11.6.tgz#2e79a226314ec3ec904e3ee1dd5a4f5e5b1c7afb"
  integrity sha512-zZbY5giJAinCG+7AGaw0wIhNZ6J8AhWuSXKvuc1KAyMiRsvGQWqh4L+MomvhdAYjN+lqvVCMq1I41e3YHvXkyQ==

dom-align@^1.7.0:
  version "1.11.1"
  resolved "https://registry.yarnpkg.com/dom-align/-/dom-align-1.11.1.tgz#7592be99a660a36cdedc1d6eeb22b8109d758cae"
  integrity sha512-hN42DmUgtweBx0iBjDLO4WtKOMcK8yBmPx/fgdsgQadLuzPu/8co3oLdK5yMmeM/vnUd3yDyV6qV8/NzxBexQg==

"js-tokens@^3.0.0 || ^4.0.0":
  version "4.0.0"
  resolved "https://registry.yarnpkg.com/js-tokens/-/js-tokens-4.0.0.tgz#19203fb59991df98e3a287050d4647cdeaf32499"
  integrity sha512-RdJUflcE3cUzKiMqQgsCu06FPu9UdIJO0beYbPhHN4k6apgJtifcoCtT9bcxOpYBtpD2kCM6Sbzg4CausW/PKQ==

json2mq@^0.2.0:
  version "0.2.0"
  resolved "https://registry.yarnpkg.com/json2mq/-/json2mq-0.2.0.tgz#b637bd3ba9eabe122c83e9720483aeb10d2c904a"
  integrity sha1-tje9O6nqvhIsg+lyBIOusQ0skEo=
  dependencies:
    string-convert "^0.2.0"

lodash@^4.17.21:
  version "4.17.21"
  resolved "https://registry.yarnpkg.com/lodash/-/lodash-4.17.21.tgz#679591c564c3bffaae8454cf0b3df370c3d6911c"
  integrity sha512-v2kDEe57lecTulaDIuNTPy3Ry4gLGJ6Z1O3vE1krgXZNrsQ+LFTGHVxVjcXPs17LhbZVGedAJv8XZ1tvj5FvSg==

loose-envify@^1.1.0, loose-envify@^1.4.0:
  version "1.4.0"
  resolved "https://registry.yarnpkg.com/loose-envify/-/loose-envify-1.4.0.tgz#71ee51fa7be4caec1a63839f7e682d8132d30caf"
  integrity sha512-lyuxPGr/Wfhrlem2CL/UcnUc1zcqKAImBDzukY7Y5F/yQiNdko6+fRLevlw1HgMySw7f611UIY408EtxRSoK3Q==
  dependencies:
    js-tokens "^3.0.0 || ^4.0.0"

moment@^2.24.0:
  version "2.24.0"
  resolved "https://registry.yarnpkg.com/moment/-/moment-2.24.0.tgz#0d055d53f5052aa653c9f6eb68bb5d12bf5c2b5b"
  integrity sha512-bV7f+6l2QigeBBZSM/6yTNq4P2fNpSWj/0e7jQcy87A8e7o2nAfP/34/2ky5Vw4B9S446EtIhodAzkFCcR4dQg==

moment@^2.29.2:
  version "2.29.4"
  resolved "https://registry.yarnpkg.com/moment/-/moment-2.29.4.tgz#3dbe052889fe7c1b2ed966fcb3a77328964ef108"
  integrity sha512-5LC9SOxjSc2HF6vO2CyuTDNivEdoz2IvyJJGj6X8DJ0eFyfszE0QiEd+iXmBvUP3WHxSjFH/vIsA0EN00cgr8w==

object-assign@^4.1.1:
  version "4.1.1"
  resolved "https://registry.yarnpkg.com/object-assign/-/object-assign-4.1.1.tgz#2109adc7965887cfc05cbbd442cac8bfbb360863"
  integrity sha1-IQmtx5ZYh8/AXLvUQsrIv7s2CGM=

prop-types@^15.6.2:
  version "15.7.2"
  resolved "https://registry.yarnpkg.com/prop-types/-/prop-types-15.7.2.tgz#52c41e75b8c87e72b9d9360e0206b99dcbffa6c5"
  integrity sha512-8QQikdH7//R2vurIJSutZ1smHYTcLpRWEOlHnzcWHmBYrOGUysKwSsrC89BCiFj3CbrfJ/nXFdJepOVrY1GCHQ==
  dependencies:
    loose-envify "^1.4.0"
    object-assign "^4.1.1"
    react-is "^16.8.1"

rc-align@^4.0.0:
  version "4.0.12"
  resolved "https://registry.yarnpkg.com/rc-align/-/rc-align-4.0.12.tgz#065b5c68a1cc92a00800c9239320d9fdf5f16207"
  integrity sha512-3DuwSJp8iC/dgHzwreOQl52soj40LchlfUHtgACOUtwGuoFIOVh6n/sCpfqCU8kO5+iz6qR0YKvjgB8iPdE3aQ==
  dependencies:
    "@babel/runtime" "^7.10.1"
    classnames "2.x"
    dom-align "^1.7.0"
    lodash "^4.17.21"
    rc-util "^5.3.0"
    resize-observer-polyfill "^1.5.1"

rc-cascader@~3.7.0:
  version "3.7.0"
  resolved "https://registry.yarnpkg.com/rc-cascader/-/rc-cascader-3.7.0.tgz#98134df578ce1cca22be8fb4319b04df4f3dca36"
  integrity sha512-SFtGpwmYN7RaWEAGTS4Rkc62ZV/qmQGg/tajr/7mfIkleuu8ro9Hlk6J+aA0x1YS4zlaZBtTcSaXM01QMiEV/A==
  dependencies:
    "@babel/runtime" "^7.12.5"
    array-tree-filter "^2.1.0"
    classnames "^2.3.1"
    rc-select "~14.1.0"
    rc-tree "~5.7.0"
    rc-util "^5.6.1"

rc-checkbox@~2.3.0:
  version "2.3.2"
  resolved "https://registry.yarnpkg.com/rc-checkbox/-/rc-checkbox-2.3.2.tgz#f91b3678c7edb2baa8121c9483c664fa6f0aefc1"
  integrity sha512-afVi1FYiGv1U0JlpNH/UaEXdh6WUJjcWokj/nUN2TgG80bfG+MDdbfHKlLcNNba94mbjy2/SXJ1HDgrOkXGAjg==
  dependencies:
    "@babel/runtime" "^7.10.1"
    classnames "^2.2.1"

rc-collapse@~3.4.2:
  version "3.4.2"
  resolved "https://registry.yarnpkg.com/rc-collapse/-/rc-collapse-3.4.2.tgz#1310be7ad4cd0dcfc622c45f6c3b5ffdee403ad7"
  integrity sha512-jpTwLgJzkhAgp2Wpi3xmbTbbYExg6fkptL67Uu5LCRVEj6wqmy0DHTjjeynsjOLsppHGHu41t1ELntZ0lEvS/Q==
  dependencies:
    "@babel/runtime" "^7.10.1"
    classnames "2.x"
    rc-motion "^2.3.4"
    rc-util "^5.2.1"
    shallowequal "^1.1.0"

rc-dialog@~9.0.0, rc-dialog@~9.0.2:
  version "9.0.2"
  resolved "https://registry.yarnpkg.com/rc-dialog/-/rc-dialog-9.0.2.tgz#aadfebdeba145f256c1fac9b9f509f893cdbb5b8"
  integrity sha512-s3U+24xWUuB6Bn2Lk/Qt6rufy+uT+QvWkiFhNBcO9APLxcFFczWamaq7x9h8SCuhfc1nHcW4y8NbMsnAjNnWyg==
  dependencies:
    "@babel/runtime" "^7.10.1"
    "@rc-component/portal" "^1.0.0-8"
    classnames "^2.2.6"
    rc-motion "^2.3.0"
    rc-util "^5.21.0"

rc-drawer@~6.0.0:
  version "6.0.0"
  resolved "https://registry.yarnpkg.com/rc-drawer/-/rc-drawer-6.0.0.tgz#1cbb5743d3eb672ea33ced4979b055baf30f59c9"
  integrity sha512-4k/g1q+yfATY9fgPB7ec+OTj51NF3BW/HzESkGtZNQZurMJr/uAHe0T4nsQ5Xd1ESR0MlS6lbQn4iB+L4sZFOg==
  dependencies:
    "@babel/runtime" "^7.10.1"
    "@rc-component/portal" "^1.0.0-6"
    classnames "^2.2.6"
    rc-motion "^2.6.1"
    rc-util "^5.21.2"

rc-dropdown@~4.0.0:
  version "4.0.1"
  resolved "https://registry.yarnpkg.com/rc-dropdown/-/rc-dropdown-4.0.1.tgz#f65d9d3d89750241057db59d5a75e43cd4576b68"
  integrity sha512-OdpXuOcme1rm45cR0Jzgfl1otzmU4vuBVb+etXM8vcaULGokAKVpKlw8p6xzspG7jGd/XxShvq+N3VNEfk/l5g==
  dependencies:
    "@babel/runtime" "^7.18.3"
    classnames "^2.2.6"
    rc-trigger "^5.3.1"
    rc-util "^5.17.0"

rc-field-form@~1.27.0:
  version "1.27.3"
  resolved "https://registry.yarnpkg.com/rc-field-form/-/rc-field-form-1.27.3.tgz#e5262796b91c80848a42a3e7a669bf459f08d63d"
  integrity sha512-HGqxHnmGQgkPApEcikV4qTg3BLPC82uB/cwBDftDt1pYaqitJfSl5TFTTUMKVEJVT5RqJ2Zi68ME1HmIMX2HAw==
  dependencies:
    "@babel/runtime" "^7.18.0"
    async-validator "^4.1.0"
    rc-util "^5.8.0"

rc-image@~5.9.0:
  version "5.9.0"
  resolved "https://registry.yarnpkg.com/rc-image/-/rc-image-5.9.0.tgz#74e5976dee2aebacce80805b3d8a67fbd042a1f8"
  integrity sha512-qyHXhIc7eotsX8HLm0bRaSO5J4Lb2wE/FafFQMJ+SnMtRQy1uKjEwOJ8UADHyyyfikd4WtT4fghN6JxiVCYslA==
  dependencies:
    "@babel/runtime" "^7.11.2"
    classnames "^2.2.6"
    rc-dialog "~9.0.0"
    rc-util "^5.0.6"

rc-input-number@~7.3.9:
  version "7.3.9"
  resolved "https://registry.yarnpkg.com/rc-input-number/-/rc-input-number-7.3.9.tgz#bc6560376ea595e3bf8fbd3137711cbc158800b5"
  integrity sha512-u0+miS+SATdb6DtssYei2JJ1WuZME+nXaG6XGtR8maNyW5uGDytfDu60OTWLQEb0Anv/AcCzehldV8CKmKyQfA==
  dependencies:
    "@babel/runtime" "^7.10.1"
    classnames "^2.2.5"
    rc-util "^5.23.0"

rc-input@~0.1.4:
  version "0.1.4"
  resolved "https://registry.yarnpkg.com/rc-input/-/rc-input-0.1.4.tgz#45cb4ba209ae6cc835a2acb8629d4f8f0cb347e0"
  integrity sha512-FqDdNz+fV2dKNgfXzcSLKvC+jEs1709t7nD+WdfjrdSaOcefpgc7BUJYadc3usaING+b7ediMTfKxuJBsEFbXA==
  dependencies:
    "@babel/runtime" "^7.11.1"
    classnames "^2.2.1"
    rc-util "^5.18.1"

rc-mentions@~1.10.0:
  version "1.10.0"
  resolved "https://registry.yarnpkg.com/rc-mentions/-/rc-mentions-1.10.0.tgz#f2e4055b535d042d408e94b853b709dbd966f546"
  integrity sha512-oMlYWnwXSxP2NQVlgxOTzuG/u9BUc3ySY78K3/t7MNhJWpZzXTao+/Bic6tyZLuNCO89//hVQJBdaR2rnFQl6Q==
  dependencies:
    "@babel/runtime" "^7.10.1"
    classnames "^2.2.6"
    rc-menu "~9.6.0"
    rc-textarea "^0.4.0"
    rc-trigger "^5.0.4"
    rc-util "^5.22.5"

rc-menu@~9.6.0, rc-menu@~9.6.3:
  version "9.6.4"
  resolved "https://registry.yarnpkg.com/rc-menu/-/rc-menu-9.6.4.tgz#033e7b8848c17a09a81b68b8d4c3fa457605f4f6"
  integrity sha512-6DiNAjxjVIPLZXHffXxxcyE15d4isRL7iQ1ru4MqYDH2Cqc5bW96wZOdMydFtGLyDdnmEQ9jVvdCE9yliGvzkw==
  dependencies:
    "@babel/runtime" "^7.10.1"
    classnames "2.x"
    rc-motion "^2.4.3"
    rc-overflow "^1.2.0"
    rc-trigger "^5.1.2"
    rc-util "^5.12.0"
    shallowequal "^1.1.0"

rc-motion@^2.0.0, rc-motion@^2.0.1, rc-motion@^2.2.0, rc-motion@^2.3.0, rc-motion@^2.3.4, rc-motion@^2.4.3, rc-motion@^2.4.4, rc-motion@^2.6.1, rc-motion@^2.6.2:
  version "2.6.2"
  resolved "https://registry.yarnpkg.com/rc-motion/-/rc-motion-2.6.2.tgz#3d31f97e41fb8e4f91a4a4189b6a98ac63342869"
  integrity sha512-4w1FaX3dtV749P8GwfS4fYnFG4Rb9pxvCYPc/b2fw1cmlHJWNNgOFIz7ysiD+eOrzJSvnLJWlNQQncpNMXwwpg==
  dependencies:
    "@babel/runtime" "^7.11.1"
    classnames "^2.2.1"
    rc-util "^5.21.0"

rc-notification@~4.6.0:
  version "4.6.1"
  resolved "https://registry.yarnpkg.com/rc-notification/-/rc-notification-4.6.1.tgz#068e8674f4bd7926a447eca512915d4b41b15c91"
  integrity sha512-NSmFYwrrdY3+un1GvDAJQw62Xi9LNMSsoQyo95tuaYrcad5Bn9gJUL8AREufRxSQAQnr64u3LtP3EUyLYT6bhw==
  dependencies:
    "@babel/runtime" "^7.10.1"
    classnames "2.x"
    rc-motion "^2.2.0"
    rc-util "^5.20.1"

rc-overflow@^1.0.0, rc-overflow@^1.2.0:
  version "1.2.8"
  resolved "https://registry.yarnpkg.com/rc-overflow/-/rc-overflow-1.2.8.tgz#40f140fabc244118543e627cdd1ef750d9481a88"
  integrity sha512-QJ0UItckWPQ37ZL1dMEBAdY1dhfTXFL9k6oTTcyydVwoUNMnMqCGqnRNA98axSr/OeDKqR6DVFyi8eA5RQI/uQ==
  dependencies:
    "@babel/runtime" "^7.11.1"
    classnames "^2.2.1"
    rc-resize-observer "^1.0.0"
    rc-util "^5.19.2"

rc-pagination@~3.1.17:
  version "3.1.17"
  resolved "https://registry.yarnpkg.com/rc-pagination/-/rc-pagination-3.1.17.tgz#91e690aa894806e344cea88ea4a16d244194a1bd"
  integrity sha512-/BQ5UxcBnW28vFAcP2hfh+Xg15W0QZn8TWYwdCApchMH1H0CxiaUUcULP8uXcFM1TygcdKWdt3JqsL9cTAfdkQ==
  dependencies:
    "@babel/runtime" "^7.10.1"
    classnames "^2.2.1"

rc-picker@~2.6.11:
  version "2.6.11"
  resolved "https://registry.yarnpkg.com/rc-picker/-/rc-picker-2.6.11.tgz#d4a55e46480517cd1bfea5f5acd28b1d6be232d2"
  integrity sha512-INJ7ULu+Kj4UgqbcqE8Q+QpMw55xFf9kkyLBHJFk0ihjJpAV4glialRfqHE7k4KX2BWYPQfpILwhwR14x2EiRQ==
  dependencies:
    "@babel/runtime" "^7.10.1"
    classnames "^2.2.1"
    date-fns "2.x"
    dayjs "1.x"
    moment "^2.24.0"
    rc-trigger "^5.0.4"
    rc-util "^5.4.0"
    shallowequal "^1.1.0"

rc-progress@~3.4.1:
  version "3.4.1"
  resolved "https://registry.yarnpkg.com/rc-progress/-/rc-progress-3.4.1.tgz#a9ffe099e88a4fc03afb09d8603162bf0760d743"
  integrity sha512-eAFDHXlk8aWpoXl0llrenPMt9qKHQXphxcVsnKs0FHC6eCSk1ebJtyaVjJUzKe0233ogiLDeEFK1Uihz3s67hw==
  dependencies:
    "@babel/runtime" "^7.10.1"
    classnames "^2.2.6"
    rc-util "^5.16.1"

rc-rate@~2.9.0:
  version "2.9.2"
  resolved "https://registry.yarnpkg.com/rc-rate/-/rc-rate-2.9.2.tgz#4a58965d1ecf91896ebae01d458b59056df0b4ea"
  integrity sha512-SaiZFyN8pe0Fgphv8t3+kidlej+cq/EALkAJAc3A0w0XcPaH2L1aggM8bhe1u6GAGuQNAoFvTLjw4qLPGRKV5g==
  dependencies:
    "@babel/runtime" "^7.10.1"
    classnames "^2.2.5"
    rc-util "^5.0.1"

rc-resize-observer@^1.0.0, rc-resize-observer@^1.1.0, rc-resize-observer@^1.2.0:
  version "1.2.0"
  resolved "https://registry.yarnpkg.com/rc-resize-observer/-/rc-resize-observer-1.2.0.tgz#9f46052f81cdf03498be35144cb7c53fd282c4c7"
  integrity sha512-6W+UzT3PyDM0wVCEHfoW3qTHPTvbdSgiA43buiy8PzmeMnfgnDeb9NjdimMXMl3/TcrvvWl5RRVdp+NqcR47pQ==
  dependencies:
    "@babel/runtime" "^7.10.1"
    classnames "^2.2.1"
    rc-util "^5.15.0"
    resize-observer-polyfill "^1.5.1"

rc-segmented@~2.1.0:
  version "2.1.0"
  resolved "https://registry.yarnpkg.com/rc-segmented/-/rc-segmented-2.1.0.tgz#0e0afe646c1a0e44a0e18785f518c42633ec8efc"
  integrity sha512-hUlonro+pYoZcwrH6Vm56B2ftLfQh046hrwif/VwLIw1j3zGt52p5mREBwmeVzXnSwgnagpOpfafspzs1asjGw==
  dependencies:
    "@babel/runtime" "^7.11.1"
    classnames "^2.2.1"
    rc-motion "^2.4.4"
    rc-util "^5.17.0"

rc-select@~14.1.0, rc-select@~14.1.13:
  version "14.1.13"
  resolved "https://registry.yarnpkg.com/rc-select/-/rc-select-14.1.13.tgz#7eb53d00be82fb8e5050de3094e72edcf27ce6f6"
  integrity sha512-WMEsC3gTwA1dbzWOdVIXDmWyidYNLq68AwvvUlRROw790uGUly0/vmqDozXrIr0QvN/A3CEULx12o+WtLCAefg==
  dependencies:
    "@babel/runtime" "^7.10.1"
    classnames "2.x"
    rc-motion "^2.0.1"
    rc-overflow "^1.0.0"
    rc-trigger "^5.0.4"
    rc-util "^5.16.1"
    rc-virtual-list "^3.2.0"

rc-slider@~10.0.0:
  version "10.0.1"
  resolved "https://registry.yarnpkg.com/rc-slider/-/rc-slider-10.0.1.tgz#7058c68ff1e1aa4e7c3536e5e10128bdbccb87f9"
  integrity sha512-igTKF3zBet7oS/3yNiIlmU8KnZ45npmrmHlUUio8PNbIhzMcsh+oE/r2UD42Y6YD2D/s+kzCQkzQrPD6RY435Q==
  dependencies:
    "@babel/runtime" "^7.10.1"
    classnames "^2.2.5"
    rc-util "^5.18.1"
    shallowequal "^1.1.0"

rc-steps@~5.0.0-alpha.0:
  version "5.0.0"
  resolved "https://registry.yarnpkg.com/rc-steps/-/rc-steps-5.0.0.tgz#2e2403f2dd69eb3966d65f461f7e3a8ee1ef69fe"
  integrity sha512-9TgRvnVYirdhbV0C3syJFj9EhCRqoJAsxt4i1rED5o8/ZcSv5TLIYyo4H8MCjLPvbe2R+oBAm/IYBEtC+OS1Rw==
  dependencies:
    "@babel/runtime" "^7.16.7"
    classnames "^2.2.3"
    rc-util "^5.16.1"

rc-switch@~3.2.0:
  version "3.2.2"
  resolved "https://registry.yarnpkg.com/rc-switch/-/rc-switch-3.2.2.tgz#d001f77f12664d52595b4f6fb425dd9e66fba8e8"
  integrity sha512-+gUJClsZZzvAHGy1vZfnwySxj+MjLlGRyXKXScrtCTcmiYNPzxDFOxdQ/3pK1Kt/0POvwJ/6ALOR8gwdXGhs+A==
  dependencies:
    "@babel/runtime" "^7.10.1"
    classnames "^2.2.1"
    rc-util "^5.0.1"

rc-table@~7.26.0:
  version "7.26.0"
  resolved "https://registry.yarnpkg.com/rc-table/-/rc-table-7.26.0.tgz#9d517e7fa512e7571fdcc453eb1bf19edfac6fbc"
  integrity sha512-0cD8e6S+DTGAt5nBZQIPFYEaIukn17sfa5uFL98faHlH/whZzD8ii3dbFL4wmUDEL4BLybhYop+QUfZJ4CPvNQ==
  dependencies:
    "@babel/runtime" "^7.10.1"
    classnames "^2.2.5"
    rc-resize-observer "^1.1.0"
    rc-util "^5.22.5"
    shallowequal "^1.1.0"

rc-tabs@~12.2.0:
  version "12.2.2"
  resolved "https://registry.yarnpkg.com/rc-tabs/-/rc-tabs-12.2.2.tgz#2f2f86399778d45c47e6756536e15c13cd064455"
  integrity sha512-Q26L64pjTiiARL+T59Pi9d4lZsUV2mhC8NQEpVK1a8dxXS9KQPY58tNtlx++o6qHRnZVo/sx22v9BqtM9ZKh7g==
  dependencies:
    "@babel/runtime" "^7.11.2"
    classnames "2.x"
    rc-dropdown "~4.0.0"
    rc-menu "~9.6.0"
    rc-motion "^2.6.2"
    rc-resize-observer "^1.0.0"
    rc-util "^5.16.0"

rc-textarea@^0.4.0, rc-textarea@~0.4.5:
  version "0.4.6"
  resolved "https://registry.yarnpkg.com/rc-textarea/-/rc-textarea-0.4.6.tgz#65a46c9bb45da65c2acb9b071551eb420f6568e4"
  integrity sha512-HEKCu8nouXXayqYelQnhQm8fdH7v92pAQvfVCz+jhIPv2PHTyBxVrmoZJMn3B8cU+wdyuvRGkshngO3/TzBn4w==
  dependencies:
    "@babel/runtime" "^7.10.1"
    classnames "^2.2.1"
    rc-resize-observer "^1.0.0"
    rc-util "^5.24.4"
    shallowequal "^1.1.0"

rc-tooltip@~5.2.0:
  version "5.2.2"
  resolved "https://registry.yarnpkg.com/rc-tooltip/-/rc-tooltip-5.2.2.tgz#e5cafa8ecebf78108936a0bcb93c150fa81ac93b"
  integrity sha512-jtQzU/18S6EI3lhSGoDYhPqNpWajMtS5VV/ld1LwyfrDByQpYmw/LW6U7oFXXLukjfDHQ7Ju705A82PRNFWYhg==
  dependencies:
    "@babel/runtime" "^7.11.2"
    classnames "^2.3.1"
    rc-trigger "^5.0.0"

rc-tree-select@~5.5.0:
  version "5.5.3"
  resolved "https://registry.yarnpkg.com/rc-tree-select/-/rc-tree-select-5.5.3.tgz#9c19f74b55a00f17e31a81cf04c834e63e6bee27"
  integrity sha512-gv8KyC6J7f9e50OkGk1ibF7v8vL+iaBnA8Ep/EVlMma2/tGdBQXO9xIvPjX8eQrZL5PjoeTUndNPM3cY3721ng==
  dependencies:
    "@babel/runtime" "^7.10.1"
    classnames "2.x"
    rc-select "~14.1.0"
    rc-tree "~5.7.0"
    rc-util "^5.16.1"

rc-tree@~5.7.0:
  version "5.7.0"
  resolved "https://registry.yarnpkg.com/rc-tree/-/rc-tree-5.7.0.tgz#d0e316eeeac2ba4a1c36b2b2201d84884f1c76a1"
  integrity sha512-F+Ewkv/UcutshnVBMISP+lPdHDlcsL+YH/MQDVWbk+QdkfID7vXiwrHMEZn31+2Rbbm21z/HPceGS8PXGMmnQg==
  dependencies:
    "@babel/runtime" "^7.10.1"
    classnames "2.x"
    rc-motion "^2.0.1"
    rc-util "^5.16.1"
    rc-virtual-list "^3.4.8"

rc-trigger@^5.0.0, rc-trigger@^5.0.4, rc-trigger@^5.1.2, rc-trigger@^5.2.10, rc-trigger@^5.3.1:
  version "5.3.3"
  resolved "https://registry.yarnpkg.com/rc-trigger/-/rc-trigger-5.3.3.tgz#166013df79e6a4ce64515391bd6d4f8386839761"
  integrity sha512-IC4nuTSAME7RJSgwvHCNDQrIzhvGMKf6NDu5veX+zk1MG7i1UnwTWWthcP9WHw3+FZfP3oZGvkrHFPu/EGkFKw==
  dependencies:
    "@babel/runtime" "^7.18.3"
    classnames "^2.2.6"
    rc-align "^4.0.0"
    rc-motion "^2.0.0"
    rc-util "^5.19.2"

rc-upload@~4.3.0:
  version "4.3.4"
  resolved "https://registry.yarnpkg.com/rc-upload/-/rc-upload-4.3.4.tgz#83ff7d3867631c37adbfd72ea3d1fd7e97ca84af"
  integrity sha512-uVbtHFGNjHG/RyAfm9fluXB6pvArAGyAx8z7XzXXyorEgVIWj6mOlriuDm0XowDHYz4ycNK0nE0oP3cbFnzxiQ==
  dependencies:
    "@babel/runtime" "^7.18.3"
    classnames "^2.2.5"
    rc-util "^5.2.0"

rc-util@^5.0.1, rc-util@^5.0.6, rc-util@^5.12.0, rc-util@^5.15.0, rc-util@^5.16.0, rc-util@^5.16.1, rc-util@^5.17.0, rc-util@^5.18.1, rc-util@^5.19.2, rc-util@^5.2.0, rc-util@^5.2.1, rc-util@^5.20.1, rc-util@^5.21.0, rc-util@^5.21.2, rc-util@^5.22.5, rc-util@^5.23.0, rc-util@^5.24.4, rc-util@^5.3.0, rc-util@^5.4.0, rc-util@^5.6.1, rc-util@^5.8.0, rc-util@^5.9.4:
  version "5.24.4"
  resolved "https://registry.yarnpkg.com/rc-util/-/rc-util-5.24.4.tgz#a4126f01358c86f17c1bf380a1d83d6c9155ae65"
  integrity sha512-2a4RQnycV9eV7lVZPEJ7QwJRPlZNc06J7CwcwZo4vIHr3PfUqtYgl1EkUV9ETAc6VRRi8XZOMFhYG63whlIC9Q==
  dependencies:
    "@babel/runtime" "^7.18.3"
    react-is "^16.12.0"
    shallowequal "^1.1.0"

rc-virtual-list@^3.2.0, rc-virtual-list@^3.4.8:
  version "3.4.11"
  resolved "https://registry.yarnpkg.com/rc-virtual-list/-/rc-virtual-list-3.4.11.tgz#97f5e947380d546a2ca8ad229d8e41e9b33b20c6"
  integrity sha512-BvUUH60kkeTBPigN5F89HtGaA5jSP4y2aM6cJ4dk9Y42I9yY+h6i08wF6UKeDcxdfOU8j3I5HxkSS/xA77J3wA==
  dependencies:
    "@babel/runtime" "^7.20.0"
    classnames "^2.2.6"
    rc-resize-observer "^1.0.0"
    rc-util "^5.15.0"

react-dom@16.13.1:
  version "16.13.1"
  resolved "https://registry.yarnpkg.com/react-dom/-/react-dom-16.13.1.tgz#c1bd37331a0486c078ee54c4740720993b2e0e7f"
  integrity sha512-81PIMmVLnCNLO/fFOQxdQkvEq/+Hfpv24XNJfpyZhTRfO0QcmQIF/PgCa1zCOj2w1hrn12MFLyaJ/G0+Mxtfag==
  dependencies:
    loose-envify "^1.1.0"
    object-assign "^4.1.1"
    prop-types "^15.6.2"
    scheduler "^0.19.1"

react-is@^16.12.0:
  version "16.13.1"
  resolved "https://registry.yarnpkg.com/react-is/-/react-is-16.13.1.tgz#789729a4dc36de2999dc156dd6c1d9c18cea56a4"
  integrity sha512-24e6ynE2H+OKt4kqsOvNd8kBpV65zoxbA4BVsEOB3ARVWQki/DHzaUoC5KuON/BiccDaCCTZBuOcfZs70kR8bQ==

react-is@^16.8.1:
  version "16.12.0"
  resolved "https://registry.yarnpkg.com/react-is/-/react-is-16.12.0.tgz#2cc0fe0fba742d97fd527c42a13bec4eeb06241c"
  integrity sha512-rPCkf/mWBtKc97aLL9/txD8DZdemK0vkA3JMLShjlJB3Pj3s+lpf1KaBzMfQrAmhMQB0n1cU/SUGgKKBCe837Q==

react@16.13.1:
  version "16.13.1"
  resolved "https://registry.yarnpkg.com/react/-/react-16.13.1.tgz#2e818822f1a9743122c063d6410d85c1e3afe48e"
  integrity sha512-YMZQQq32xHLX0bz5Mnibv1/LHb3Sqzngu7xstSM+vrkE5Kzr9xE0yMByK5kMoTK30YVJE61WfbxIFFvfeDKT1w==
  dependencies:
    loose-envify "^1.1.0"
    object-assign "^4.1.1"
    prop-types "^15.6.2"

regenerator-runtime@^0.13.10:
  version "0.13.10"
  resolved "https://registry.yarnpkg.com/regenerator-runtime/-/regenerator-runtime-0.13.10.tgz#ed07b19616bcbec5da6274ebc75ae95634bfc2ee"
  integrity sha512-KepLsg4dU12hryUO7bp/axHAKvwGOCV0sGloQtpagJ12ai+ojVDqkeGSiRX1zlq+kjIMZ1t7gpze+26QqtdGqw==

resize-observer-polyfill@^1.5.1:
  version "1.5.1"
  resolved "https://registry.yarnpkg.com/resize-observer-polyfill/-/resize-observer-polyfill-1.5.1.tgz#0e9020dd3d21024458d4ebd27e23e40269810464"
  integrity sha512-LwZrotdHOo12nQuZlHEmtuXdqGoOD0OhaxopaNFxWzInpEgaLWoVuAMbTzixuosCx2nEG58ngzW3vxdWoxIgdg==

scheduler@^0.19.1:
  version "0.19.1"
  resolved "https://registry.yarnpkg.com/scheduler/-/scheduler-0.19.1.tgz#4f3e2ed2c1a7d65681f4c854fa8c5a1ccb40f196"
  integrity sha512-n/zwRWRYSUj0/3g/otKDRPMh6qv2SYMWNq85IEa8iZyAv8od9zDYpGSnpBEjNgcMNq6Scbu5KfIPxNF72R/2EA==
  dependencies:
    loose-envify "^1.1.0"
    object-assign "^4.1.1"

scroll-into-view-if-needed@^2.2.25:
  version "2.2.29"
  resolved "https://registry.yarnpkg.com/scroll-into-view-if-needed/-/scroll-into-view-if-needed-2.2.29.tgz#551791a84b7e2287706511f8c68161e4990ab885"
  integrity sha512-hxpAR6AN+Gh53AdAimHM6C8oTN1ppwVZITihix+WqalywBeFcQ6LdQP5ABNl26nX8GTEL7VT+b8lKpdqq65wXg==
  dependencies:
    compute-scroll-into-view "^1.0.17"

shallowequal@^1.1.0:
  version "1.1.0"
  resolved "https://registry.yarnpkg.com/shallowequal/-/shallowequal-1.1.0.tgz#188d521de95b9087404fd4dcb68b13df0ae4e7f8"
  integrity sha512-y0m1JoUZSlPAjXVtPPW70aZWfIL/dSP7AFkRnniLCrK/8MDKog3TySTBmckD+RObVxH0v4Tox67+F14PdED2oQ==

string-convert@^0.2.0:
  version "0.2.1"
  resolved "https://registry.yarnpkg.com/string-convert/-/string-convert-0.2.1.tgz#6982cc3049fbb4cd85f8b24568b9d9bf39eeff97"
  integrity sha1-aYLMMEn7tM2F+LJFaLnZvznu/5c=

toggle-selection@^1.0.6:
  version "1.0.6"
  resolved "https://registry.yarnpkg.com/toggle-selection/-/toggle-selection-1.0.6.tgz#6e45b1263f2017fa0acc7d89d78b15b8bf77da32"
  integrity sha1-bkWxJj8gF/oKzH2J14sVuL932jI=
