# THIS IS AN AUTOGENERATED FILE. DO NOT EDIT THIS FILE DIRECTLY.
# yarn lockfile v1


"@babel/runtime@^7.6.0", "@babel/runtime@^7.6.2":
  version "7.7.2"
  resolved "https://registry.yarnpkg.com/@babel/runtime/-/runtime-7.7.2.tgz#111a78002a5c25fc8e3361bedc9529c696b85a6a"
  integrity sha512-JONRbXbTXc9WQE2mAZd1p0Z3DZ/6vaQIkgYMSTP3KjRCyd7rCZCcfhCyX+YjwcKxcZ82UrxbRD358bpExNgrjw==
  dependencies:
    regenerator-runtime "^0.13.2"

"@jest/types@^24.9.0":
  version "24.9.0"
  resolved "https://registry.yarnpkg.com/@jest/types/-/types-24.9.0.tgz#63cb26cb7500d069e5a389441a7c6ab5e909fc59"
  integrity sha512-XKK7ze1apu5JWQ5eZjHITP66AX+QsLlbaJRBGYr8pNzwcAE2JVkwnf0yqjHTsDRcjR0mujy/NmZMXw5kl+kGBw==
  dependencies:
    "@types/istanbul-lib-coverage" "^2.0.0"
    "@types/istanbul-reports" "^1.1.1"
    "@types/yargs" "^13.0.0"

"@sheerun/mutationobserver-shim@^0.3.2":
  version "0.3.2"
  resolved "https://registry.yarnpkg.com/@sheerun/mutationobserver-shim/-/mutationobserver-shim-0.3.2.tgz#8013f2af54a2b7d735f71560ff360d3a8176a87b"
  integrity sha512-vTCdPp/T/Q3oSqwHmZ5Kpa9oI7iLtGl3RQaA/NyLHikvcrPxACkkKVr/XzkSPJWXHRhKGzVvb0urJsbMlRxi1Q==

"@testing-library/dom@^6.3.0":
  version "6.10.1"
  resolved "https://registry.yarnpkg.com/@testing-library/dom/-/dom-6.10.1.tgz#da5bf5065d3f9e484aef4cc495f4e1a5bea6df2e"
  integrity sha512-5BPKxaO+zSJDUbVZBRNf9KrmDkm/EcjjaHSg3F9+031VZyPACKXlwLBjVzZxheunT9m72DoIq7WvyE457/Xweg==
  dependencies:
    "@babel/runtime" "^7.6.2"
    "@sheerun/mutationobserver-shim" "^0.3.2"
    "@types/testing-library__dom" "^6.0.0"
    aria-query "3.0.0"
    pretty-format "^24.9.0"
    wait-for-expect "^3.0.0"

"@testing-library/react@9.3.2":
  version "9.3.2"
  resolved "https://registry.yarnpkg.com/@testing-library/react/-/react-9.3.2.tgz#418000daa980dafd2d9420cc733d661daece9aa0"
  integrity sha512-J6ftWtm218tOLS175MF9eWCxGp+X+cUXCpkPIin8KAXWtyZbr9CbqJ8M8QNd6spZxJDAGlw+leLG4MJWLlqVgg==
  dependencies:
    "@babel/runtime" "^7.6.0"
    "@testing-library/dom" "^6.3.0"
    "@types/testing-library__react" "^9.1.0"

"@types/istanbul-lib-coverage@*", "@types/istanbul-lib-coverage@^2.0.0":
  version "2.0.1"
  resolved "https://registry.yarnpkg.com/@types/istanbul-lib-coverage/-/istanbul-lib-coverage-2.0.1.tgz#42995b446db9a48a11a07ec083499a860e9138ff"
  integrity sha512-hRJD2ahnnpLgsj6KWMYSrmXkM3rm2Dl1qkx6IOFD5FnuNPXJIG5L0dhgKXCYTRMGzU4n0wImQ/xfmRc4POUFlg==

"@types/istanbul-lib-report@*":
  version "1.1.1"
  resolved "https://registry.yarnpkg.com/@types/istanbul-lib-report/-/istanbul-lib-report-1.1.1.tgz#e5471e7fa33c61358dd38426189c037a58433b8c"
  integrity sha512-3BUTyMzbZa2DtDI2BkERNC6jJw2Mr2Y0oGI7mRxYNBPxppbtEK1F66u3bKwU2g+wxwWI7PAoRpJnOY1grJqzHg==
  dependencies:
    "@types/istanbul-lib-coverage" "*"

"@types/istanbul-reports@^1.1.1":
  version "1.1.1"
  resolved "https://registry.yarnpkg.com/@types/istanbul-reports/-/istanbul-reports-1.1.1.tgz#7a8cbf6a406f36c8add871625b278eaf0b0d255a"
  integrity sha512-UpYjBi8xefVChsCoBpKShdxTllC9pwISirfoZsUa2AAdQg/Jd2KQGtSbw+ya7GPo7x/wAPlH6JBhKhAsXUEZNA==
  dependencies:
    "@types/istanbul-lib-coverage" "*"
    "@types/istanbul-lib-report" "*"

"@types/prop-types@*":
  version "15.7.3"
  resolved "https://registry.yarnpkg.com/@types/prop-types/-/prop-types-15.7.3.tgz#2ab0d5da2e5815f94b0b9d4b95d1e5f243ab2ca7"
  integrity sha512-KfRL3PuHmqQLOG+2tGpRO26Ctg+Cq1E01D2DMriKEATHgWLfeNDmq9e29Q9WIky0dQ3NPkd1mzYH8Lm936Z9qw==

"@types/react-dom@*":
  version "16.9.4"
  resolved "https://registry.yarnpkg.com/@types/react-dom/-/react-dom-16.9.4.tgz#0b58df09a60961dcb77f62d4f1832427513420df"
  integrity sha512-fya9xteU/n90tda0s+FtN5Ym4tbgxpq/hb/Af24dvs6uYnYn+fspaxw5USlw0R8apDNwxsqumdRoCoKitckQqw==
  dependencies:
    "@types/react" "*"

"@types/react@*":
  version "16.9.11"
  resolved "https://registry.yarnpkg.com/@types/react/-/react-16.9.11.tgz#70e0b7ad79058a7842f25ccf2999807076ada120"
  integrity sha512-UBT4GZ3PokTXSWmdgC/GeCGEJXE5ofWyibCcecRLUVN2ZBpXQGVgQGtG2foS7CrTKFKlQVVswLvf7Js6XA/CVQ==
  dependencies:
    "@types/prop-types" "*"
    csstype "^2.2.0"

"@types/testing-library__dom@*", "@types/testing-library__dom@^6.0.0":
  version "6.10.0"
  resolved "https://registry.yarnpkg.com/@types/testing-library__dom/-/testing-library__dom-6.10.0.tgz#590d76e3875a7c536dc744eb530cbf51b6483404"
  integrity sha512-mL/GMlyQxiZplbUuFNwA0vAI3k3uJNSf6slr5AVve9TXmfLfyefNT0uHHnxwdYuPMxYD5gI/+dgAvc/5opW9JQ==
  dependencies:
    pretty-format "^24.3.0"

"@types/testing-library__react@^9.1.0":
  version "9.1.2"
  resolved "https://registry.yarnpkg.com/@types/testing-library__react/-/testing-library__react-9.1.2.tgz#e33af9124c60a010fc03a34eff8f8a34a75c4351"
  integrity sha512-CYaMqrswQ+cJACy268jsLAw355DZtPZGt3Jwmmotlcu8O/tkoXBI6AeZ84oZBJsIsesozPKzWzmv/0TIU+1E9Q==
  dependencies:
    "@types/react-dom" "*"
    "@types/testing-library__dom" "*"

"@types/yargs-parser@*":
  version "13.1.0"
  resolved "https://registry.yarnpkg.com/@types/yargs-parser/-/yargs-parser-13.1.0.tgz#c563aa192f39350a1d18da36c5a8da382bbd8228"
  integrity sha512-gCubfBUZ6KxzoibJ+SCUc/57Ms1jz5NjHe4+dI2krNmU5zCPAphyLJYyTOg06ueIyfj+SaCUqmzun7ImlxDcKg==

"@types/yargs@^13.0.0":
  version "13.0.3"
  resolved "https://registry.yarnpkg.com/@types/yargs/-/yargs-13.0.3.tgz#76482af3981d4412d65371a318f992d33464a380"
  integrity sha512-K8/LfZq2duW33XW/tFwEAfnZlqIfVsoyRB3kfXdPXYhl0nfM8mmh7GS0jg7WrX2Dgq/0Ha/pR1PaR+BvmWwjiQ==
  dependencies:
    "@types/yargs-parser" "*"

ansi-regex@^4.0.0:
  version "4.1.0"
  resolved "https://registry.yarnpkg.com/ansi-regex/-/ansi-regex-4.1.0.tgz#8b9f8f08cf1acb843756a839ca8c7e3168c51997"
  integrity sha512-1apePfXM1UOSqw0o9IiFAovVz9M5S1Dg+4TrDwfMewQ6p/rmMueb7tWZjQ1rx4Loy1ArBggoqGpfqqdI4rondg==

ansi-styles@^3.2.0:
  version "3.2.1"
  resolved "https://registry.yarnpkg.com/ansi-styles/-/ansi-styles-3.2.1.tgz#41fbb20243e50b12be0f04b8dedbf07520ce841d"
  integrity sha512-VT0ZI6kZRdTh8YyJw3SMbYm/u+NqfsAxEpWO0Pf9sq8/e94WxxOpPKx9FR1FlyCtOVDNOQ+8ntlqFxiRc+r5qA==
  dependencies:
    color-convert "^1.9.0"

aria-query@3.0.0:
  version "3.0.0"
  resolved "https://registry.yarnpkg.com/aria-query/-/aria-query-3.0.0.tgz#65b3fcc1ca1155a8c9ae64d6eee297f15d5133cc"
  integrity sha1-ZbP8wcoRVajJrmTW7uKX8V1RM8w=
  dependencies:
    ast-types-flow "0.0.7"
    commander "^2.11.0"

ast-types-flow@0.0.7:
  version "0.0.7"
  resolved "https://registry.yarnpkg.com/ast-types-flow/-/ast-types-flow-0.0.7.tgz#f70b735c6bca1a5c9c22d982c3e39e7feba3bdad"
  integrity sha1-9wtzXGvKGlycItmCw+Oef+ujva0=

color-convert@^1.9.0:
  version "1.9.3"
  resolved "https://registry.yarnpkg.com/color-convert/-/color-convert-1.9.3.tgz#bb71850690e1f136567de629d2d5471deda4c1e8"
  integrity sha512-QfAUtd+vFdAtFQcC8CCyYt1fYWxSqAiK2cSD6zDB8N3cpsEBAvRxp9zOGg6G/SHHJYAT88/az/IuDGALsNVbGg==
  dependencies:
    color-name "1.1.3"

color-name@1.1.3:
  version "1.1.3"
  resolved "https://registry.yarnpkg.com/color-name/-/color-name-1.1.3.tgz#a7d0558bd89c42f795dd42328f740831ca53bc25"
  integrity sha1-p9BVi9icQveV3UIyj3QIMcpTvCU=

commander@^2.11.0:
  version "2.20.3"
  resolved "https://registry.yarnpkg.com/commander/-/commander-2.20.3.tgz#fd485e84c03eb4881c20722ba48035e8531aeb33"
  integrity sha512-GpVkmM8vF2vQUkj2LvZmD35JxeJOLCwJ9cUkugyk2nuhbv3+mJvpLYYt+0+USMxE+oj+ey/lJEnhZw75x/OMcQ==

csstype@^2.2.0:
  version "2.6.7"
  resolved "https://registry.yarnpkg.com/csstype/-/csstype-2.6.7.tgz#20b0024c20b6718f4eda3853a1f5a1cce7f5e4a5"
  integrity sha512-9Mcn9sFbGBAdmimWb2gLVDtFJzeKtDGIr76TUqmjZrw9LFXBMSU70lcs+C0/7fyCd6iBDqmksUcCOUIkisPHsQ==

"js-tokens@^3.0.0 || ^4.0.0":
  version "4.0.0"
  resolved "https://registry.yarnpkg.com/js-tokens/-/js-tokens-4.0.0.tgz#19203fb59991df98e3a287050d4647cdeaf32499"
  integrity sha512-RdJUflcE3cUzKiMqQgsCu06FPu9UdIJO0beYbPhHN4k6apgJtifcoCtT9bcxOpYBtpD2kCM6Sbzg4CausW/PKQ==

loose-envify@^1.1.0, loose-envify@^1.4.0:
  version "1.4.0"
  resolved "https://registry.yarnpkg.com/loose-envify/-/loose-envify-1.4.0.tgz#71ee51fa7be4caec1a63839f7e682d8132d30caf"
  integrity sha512-lyuxPGr/Wfhrlem2CL/UcnUc1zcqKAImBDzukY7Y5F/yQiNdko6+fRLevlw1HgMySw7f611UIY408EtxRSoK3Q==
  dependencies:
    js-tokens "^3.0.0 || ^4.0.0"

object-assign@^4.1.1:
  version "4.1.1"
  resolved "https://registry.yarnpkg.com/object-assign/-/object-assign-4.1.1.tgz#2109adc7965887cfc05cbbd442cac8bfbb360863"
  integrity sha1-IQmtx5ZYh8/AXLvUQsrIv7s2CGM=

pretty-format@^24.3.0, pretty-format@^24.9.0:
  version "24.9.0"
  resolved "https://registry.yarnpkg.com/pretty-format/-/pretty-format-24.9.0.tgz#12fac31b37019a4eea3c11aa9a959eb7628aa7c9"
  integrity sha512-00ZMZUiHaJrNfk33guavqgvfJS30sLYf0f8+Srklv0AMPodGGHcoHgksZ3OThYnIvOd+8yMCn0YiEOogjlgsnA==
  dependencies:
    "@jest/types" "^24.9.0"
    ansi-regex "^4.0.0"
    ansi-styles "^3.2.0"
    react-is "^16.8.4"

prop-types@^15.6.2:
  version "15.7.2"
  resolved "https://registry.yarnpkg.com/prop-types/-/prop-types-15.7.2.tgz#52c41e75b8c87e72b9d9360e0206b99dcbffa6c5"
  integrity sha512-8QQikdH7//R2vurIJSutZ1smHYTcLpRWEOlHnzcWHmBYrOGUysKwSsrC89BCiFj3CbrfJ/nXFdJepOVrY1GCHQ==
  dependencies:
    loose-envify "^1.4.0"
    object-assign "^4.1.1"
    react-is "^16.8.1"

react-dom@^16.7.0:
  version "16.12.0"
  resolved "https://registry.yarnpkg.com/react-dom/-/react-dom-16.12.0.tgz#0da4b714b8d13c2038c9396b54a92baea633fe11"
  integrity sha512-LMxFfAGrcS3kETtQaCkTKjMiifahaMySFDn71fZUNpPHZQEzmk/GiAeIT8JSOrHB23fnuCOMruL2a8NYlw+8Gw==
  dependencies:
    loose-envify "^1.1.0"
    object-assign "^4.1.1"
    prop-types "^15.6.2"
    scheduler "^0.18.0"

react-is@^16.8.1, react-is@^16.8.4:
  version "16.12.0"
  resolved "https://registry.yarnpkg.com/react-is/-/react-is-16.12.0.tgz#2cc0fe0fba742d97fd527c42a13bec4eeb06241c"
  integrity sha512-rPCkf/mWBtKc97aLL9/txD8DZdemK0vkA3JMLShjlJB3Pj3s+lpf1KaBzMfQrAmhMQB0n1cU/SUGgKKBCe837Q==

react@^16.7.0:
  version "16.12.0"
  resolved "https://registry.yarnpkg.com/react/-/react-16.12.0.tgz#0c0a9c6a142429e3614834d5a778e18aa78a0b83"
  integrity sha512-fglqy3k5E+81pA8s+7K0/T3DBCF0ZDOher1elBFzF7O6arXJgzyu/FW+COxFvAWXJoJN9KIZbT2LXlukwphYTA==
  dependencies:
    loose-envify "^1.1.0"
    object-assign "^4.1.1"
    prop-types "^15.6.2"

regenerator-runtime@^0.13.2:
  version "0.13.3"
  resolved "https://registry.yarnpkg.com/regenerator-runtime/-/regenerator-runtime-0.13.3.tgz#7cf6a77d8f5c6f60eb73c5fc1955b2ceb01e6bf5"
  integrity sha512-naKIZz2GQ8JWh///G7L3X6LaQUAMp2lvb1rvwwsURe/VXwD6VMfr+/1NuNw3ag8v2kY1aQ/go5SNn79O9JU7yw==

scheduler@^0.18.0:
  version "0.18.0"
  resolved "https://registry.yarnpkg.com/scheduler/-/scheduler-0.18.0.tgz#5901ad6659bc1d8f3fdaf36eb7a67b0d6746b1c4"
  integrity sha512-agTSHR1Nbfi6ulI0kYNK0203joW2Y5W4po4l+v03tOoiJKpTBbxpNhWDvqc/4IcOw+KLmSiQLTasZ4cab2/UWQ==
  dependencies:
    loose-envify "^1.1.0"
    object-assign "^4.1.1"

wait-for-expect@^3.0.0:
  version "3.0.1"
  resolved "https://registry.yarnpkg.com/wait-for-expect/-/wait-for-expect-3.0.1.tgz#ec204a76b0038f17711e575720aaf28505ac7185"
  integrity sha512-3Ha7lu+zshEG/CeHdcpmQsZnnZpPj/UsG3DuKO8FskjuDbkx3jE3845H+CuwZjA2YWYDfKMU2KhnCaXMLd3wVw==
